// !$*UTF8*$!
{
	archiveVersion = 1;
	classes = {
	};
	objectVersion = 50;
	objects = {

/* Begin PBXBuildFile section */
		1A6714F5A593E5DB33A8D703 /* Pods_frameworkTest.framework in Frameworks */ = {isa = PBXBuildFile; fileRef = 180F14BED1736D84BC35FD0A /* Pods_frameworkTest.framework */; };
		628B4FE32EA9CFDAD9AD0F2A /* Pods_frameworkTestTests.framework in Frameworks */ = {isa = PBXBuildFile; fileRef = 80B03C3856DC1A27E943590E /* Pods_frameworkTestTests.framework */; };
		CE6FECC825FFC37C00817E84 /* AppDelegate.swift in Sources */ = {isa = PBXBuildFile; fileRef = CE6FECC725FFC37C00817E84 /* AppDelegate.swift */; };
		CE6FECCA25FFC37C00817E84 /* SceneDelegate.swift in Sources */ = {isa = PBXBuildFile; fileRef = CE6FECC925FFC37C00817E84 /* SceneDelegate.swift */; };
		CE6FECCC25FFC37C00817E84 /* ViewController.swift in Sources */ = {isa = PBXBuildFile; fileRef = CE6FECCB25FFC37C00817E84 /* ViewController.swift */; };
		CE6FECCF25FFC37C00817E84 /* Main.storyboard in Resources */ = {isa = PBXBuildFile; fileRef = CE6FECCD25FFC37C00817E84 /* Main.storyboard */; };
		CE6FECD125FFC37D00817E84 /* Assets.xcassets in Resources */ = {isa = PBXBuildFile; fileRef = CE6FECD025FFC37D00817E84 /* Assets.xcassets */; };
		CE6FECD425FFC37D00817E84 /* LaunchScreen.storyboard in Resources */ = {isa = PBXBuildFile; fileRef = CE6FECD225FFC37D00817E84 /* LaunchScreen.storyboard */; };
		CE6FECDF25FFC37D00817E84 /* frameworkTestTests.swift in Sources */ = {isa = PBXBuildFile; fileRef = CE6FECDE25FFC37D00817E84 /* frameworkTestTests.swift */; };
		CE6FECEA25FFC37D00817E84 /* frameworkTestUITests.swift in Sources */ = {isa = PBXBuildFile; fileRef = CE6FECE925FFC37D00817E84 /* frameworkTestUITests.swift */; };
		E017CAE9655CA63DABAAC5D9 /* Pods_frameworkTest_frameworkTestUITests.framework in Frameworks */ = {isa = PBXBuildFile; fileRef = 9F9E13D8DD5A07E36ED08CF3 /* Pods_frameworkTest_frameworkTestUITests.framework */; };
/* End PBXBuildFile section */

/* Begin PBXContainerItemProxy section */
		CE6FECDB25FFC37D00817E84 /* PBXContainerItemProxy */ = {
			isa = PBXContainerItemProxy;
			containerPortal = CE6FECBC25FFC37C00817E84 /* Project object */;
			proxyType = 1;
			remoteGlobalIDString = CE6FECC325FFC37C00817E84;
			remoteInfo = frameworkTest;
		};
		CE6FECE625FFC37D00817E84 /* PBXContainerItemProxy */ = {
			isa = PBXContainerItemProxy;
			containerPortal = CE6FECBC25FFC37C00817E84 /* Project object */;
			proxyType = 1;
			remoteGlobalIDString = CE6FECC325FFC37C00817E84;
			remoteInfo = frameworkTest;
		};
/* End PBXContainerItemProxy section */

/* Begin PBXFileReference section */
		0D1F57F364689D40F87F95D7 /* Pods-frameworkTestTests.debug.xcconfig */ = {isa = PBXFileReference; includeInIndex = 1; lastKnownFileType = text.xcconfig; name = "Pods-frameworkTestTests.debug.xcconfig"; path = "Target Support Files/Pods-frameworkTestTests/Pods-frameworkTestTests.debug.xcconfig"; sourceTree = "<group>"; };
		160CBA9B852EA9D2E6239E7B /* Pods-frameworkTest-frameworkTestUITests.release.xcconfig */ = {isa = PBXFileReference; includeInIndex = 1; lastKnownFileType = text.xcconfig; name = "Pods-frameworkTest-frameworkTestUITests.release.xcconfig"; path = "Target Support Files/Pods-frameworkTest-frameworkTestUITests/Pods-frameworkTest-frameworkTestUITests.release.xcconfig"; sourceTree = "<group>"; };
		180F14BED1736D84BC35FD0A /* Pods_frameworkTest.framework */ = {isa = PBXFileReference; explicitFileType = wrapper.framework; includeInIndex = 0; path = Pods_frameworkTest.framework; sourceTree = BUILT_PRODUCTS_DIR; };
		46E4FD420E2EF41DBE6512EC /* Pods-frameworkTestTests.release.xcconfig */ = {isa = PBXFileReference; includeInIndex = 1; lastKnownFileType = text.xcconfig; name = "Pods-frameworkTestTests.release.xcconfig"; path = "Target Support Files/Pods-frameworkTestTests/Pods-frameworkTestTests.release.xcconfig"; sourceTree = "<group>"; };
		6D2EFB1F86DEEBDA169D1943 /* Pods-frameworkTest.release.xcconfig */ = {isa = PBXFileReference; includeInIndex = 1; lastKnownFileType = text.xcconfig; name = "Pods-frameworkTest.release.xcconfig"; path = "Target Support Files/Pods-frameworkTest/Pods-frameworkTest.release.xcconfig"; sourceTree = "<group>"; };
		80B03C3856DC1A27E943590E /* Pods_frameworkTestTests.framework */ = {isa = PBXFileReference; explicitFileType = wrapper.framework; includeInIndex = 0; path = Pods_frameworkTestTests.framework; sourceTree = BUILT_PRODUCTS_DIR; };
		947DB563A41CF902AC4B428E /* Pods-frameworkTest.debug.xcconfig */ = {isa = PBXFileReference; includeInIndex = 1; lastKnownFileType = text.xcconfig; name = "Pods-frameworkTest.debug.xcconfig"; path = "Target Support Files/Pods-frameworkTest/Pods-frameworkTest.debug.xcconfig"; sourceTree = "<group>"; };
		9F9E13D8DD5A07E36ED08CF3 /* Pods_frameworkTest_frameworkTestUITests.framework */ = {isa = PBXFileReference; explicitFileType = wrapper.framework; includeInIndex = 0; path = Pods_frameworkTest_frameworkTestUITests.framework; sourceTree = BUILT_PRODUCTS_DIR; };
		CE6FECC425FFC37C00817E84 /* frameworkTest.app */ = {isa = PBXFileReference; explicitFileType = wrapper.application; includeInIndex = 0; path = frameworkTest.app; sourceTree = BUILT_PRODUCTS_DIR; };
		CE6FECC725FFC37C00817E84 /* AppDelegate.swift */ = {isa = PBXFileReference; lastKnownFileType = sourcecode.swift; path = AppDelegate.swift; sourceTree = "<group>"; };
		CE6FECC925FFC37C00817E84 /* SceneDelegate.swift */ = {isa = PBXFileReference; lastKnownFileType = sourcecode.swift; path = SceneDelegate.swift; sourceTree = "<group>"; };
		CE6FECCB25FFC37C00817E84 /* ViewController.swift */ = {isa = PBXFileReference; lastKnownFileType = sourcecode.swift; path = ViewController.swift; sourceTree = "<group>"; };
		CE6FECCE25FFC37C00817E84 /* Base */ = {isa = PBXFileReference; lastKnownFileType = file.storyboard; name = Base; path = Base.lproj/Main.storyboard; sourceTree = "<group>"; };
		CE6FECD025FFC37D00817E84 /* Assets.xcassets */ = {isa = PBXFileReference; lastKnownFileType = folder.assetcatalog; path = Assets.xcassets; sourceTree = "<group>"; };
		CE6FECD325FFC37D00817E84 /* Base */ = {isa = PBXFileReference; lastKnownFileType = file.storyboard; name = Base; path = Base.lproj/LaunchScreen.storyboard; sourceTree = "<group>"; };
		CE6FECD525FFC37D00817E84 /* Info.plist */ = {isa = PBXFileReference; lastKnownFileType = text.plist.xml; path = Info.plist; sourceTree = "<group>"; };
		CE6FECDA25FFC37D00817E84 /* frameworkTestTests.xctest */ = {isa = PBXFileReference; explicitFileType = wrapper.cfbundle; includeInIndex = 0; path = frameworkTestTests.xctest; sourceTree = BUILT_PRODUCTS_DIR; };
		CE6FECDE25FFC37D00817E84 /* frameworkTestTests.swift */ = {isa = PBXFileReference; lastKnownFileType = sourcecode.swift; path = frameworkTestTests.swift; sourceTree = "<group>"; };
		CE6FECE025FFC37D00817E84 /* Info.plist */ = {isa = PBXFileReference; lastKnownFileType = text.plist.xml; path = Info.plist; sourceTree = "<group>"; };
		CE6FECE525FFC37D00817E84 /* frameworkTestUITests.xctest */ = {isa = PBXFileReference; explicitFileType = wrapper.cfbundle; includeInIndex = 0; path = frameworkTestUITests.xctest; sourceTree = BUILT_PRODUCTS_DIR; };
		CE6FECE925FFC37D00817E84 /* frameworkTestUITests.swift */ = {isa = PBXFileReference; lastKnownFileType = sourcecode.swift; path = frameworkTestUITests.swift; sourceTree = "<group>"; };
		CE6FECEB25FFC37D00817E84 /* Info.plist */ = {isa = PBXFileReference; lastKnownFileType = text.plist.xml; path = Info.plist; sourceTree = "<group>"; };
		F364D07B05365B39D01A35FE /* Pods-frameworkTest-frameworkTestUITests.debug.xcconfig */ = {isa = PBXFileReference; includeInIndex = 1; lastKnownFileType = text.xcconfig; name = "Pods-frameworkTest-frameworkTestUITests.debug.xcconfig"; path = "Target Support Files/Pods-frameworkTest-frameworkTestUITests/Pods-frameworkTest-frameworkTestUITests.debug.xcconfig"; sourceTree = "<group>"; };
/* End PBXFileReference section */

/* Begin PBXFrameworksBuildPhase section */
		CE6FECC125FFC37C00817E84 /* Frameworks */ = {
			isa = PBXFrameworksBuildPhase;
			buildActionMask = 2147483647;
			files = (
				1A6714F5A593E5DB33A8D703 /* Pods_frameworkTest.framework in Frameworks */,
			);
			runOnlyForDeploymentPostprocessing = 0;
		};
		CE6FECD725FFC37D00817E84 /* Frameworks */ = {
			isa = PBXFrameworksBuildPhase;
			buildActionMask = 2147483647;
			files = (
				628B4FE32EA9CFDAD9AD0F2A /* Pods_frameworkTestTests.framework in Frameworks */,
			);
			runOnlyForDeploymentPostprocessing = 0;
		};
		CE6FECE225FFC37D00817E84 /* Frameworks */ = {
			isa = PBXFrameworksBuildPhase;
			buildActionMask = 2147483647;
			files = (
				E017CAE9655CA63DABAAC5D9 /* Pods_frameworkTest_frameworkTestUITests.framework in Frameworks */,
			);
			runOnlyForDeploymentPostprocessing = 0;
		};
/* End PBXFrameworksBuildPhase section */

/* Begin PBXGroup section */
		141CB8E0983EAC153BB06BE2 /* Frameworks */ = {
			isa = PBXGroup;
			children = (
				180F14BED1736D84BC35FD0A /* Pods_frameworkTest.framework */,
				9F9E13D8DD5A07E36ED08CF3 /* Pods_frameworkTest_frameworkTestUITests.framework */,
				80B03C3856DC1A27E943590E /* Pods_frameworkTestTests.framework */,
			);
			name = Frameworks;
			sourceTree = "<group>";
		};
		2C186D505032BA74FB8B49AD /* Pods */ = {
			isa = PBXGroup;
			children = (
				947DB563A41CF902AC4B428E /* Pods-frameworkTest.debug.xcconfig */,
				6D2EFB1F86DEEBDA169D1943 /* Pods-frameworkTest.release.xcconfig */,
				F364D07B05365B39D01A35FE /* Pods-frameworkTest-frameworkTestUITests.debug.xcconfig */,
				160CBA9B852EA9D2E6239E7B /* Pods-frameworkTest-frameworkTestUITests.release.xcconfig */,
				0D1F57F364689D40F87F95D7 /* Pods-frameworkTestTests.debug.xcconfig */,
				46E4FD420E2EF41DBE6512EC /* Pods-frameworkTestTests.release.xcconfig */,
			);
			name = Pods;
			path = Pods;
			sourceTree = "<group>";
		};
		CE6FECBB25FFC37C00817E84 = {
			isa = PBXGroup;
			children = (
				CE6FECC625FFC37C00817E84 /* frameworkTest */,
				CE6FECDD25FFC37D00817E84 /* frameworkTestTests */,
				CE6FECE825FFC37D00817E84 /* frameworkTestUITests */,
				CE6FECC525FFC37C00817E84 /* Products */,
				2C186D505032BA74FB8B49AD /* Pods */,
				141CB8E0983EAC153BB06BE2 /* Frameworks */,
			);
			sourceTree = "<group>";
		};
		CE6FECC525FFC37C00817E84 /* Products */ = {
			isa = PBXGroup;
			children = (
				CE6FECC425FFC37C00817E84 /* frameworkTest.app */,
				CE6FECDA25FFC37D00817E84 /* frameworkTestTests.xctest */,
				CE6FECE525FFC37D00817E84 /* frameworkTestUITests.xctest */,
			);
			name = Products;
			sourceTree = "<group>";
		};
		CE6FECC625FFC37C00817E84 /* frameworkTest */ = {
			isa = PBXGroup;
			children = (
				CE6FECC725FFC37C00817E84 /* AppDelegate.swift */,
				CE6FECC925FFC37C00817E84 /* SceneDelegate.swift */,
				CE6FECCB25FFC37C00817E84 /* ViewController.swift */,
				CE6FECCD25FFC37C00817E84 /* Main.storyboard */,
				CE6FECD025FFC37D00817E84 /* Assets.xcassets */,
				CE6FECD225FFC37D00817E84 /* LaunchScreen.storyboard */,
				CE6FECD525FFC37D00817E84 /* Info.plist */,
			);
			path = frameworkTest;
			sourceTree = "<group>";
		};
		CE6FECDD25FFC37D00817E84 /* frameworkTestTests */ = {
			isa = PBXGroup;
			children = (
				CE6FECDE25FFC37D00817E84 /* frameworkTestTests.swift */,
				CE6FECE025FFC37D00817E84 /* Info.plist */,
			);
			path = frameworkTestTests;
			sourceTree = "<group>";
		};
		CE6FECE825FFC37D00817E84 /* frameworkTestUITests */ = {
			isa = PBXGroup;
			children = (
				CE6FECE925FFC37D00817E84 /* frameworkTestUITests.swift */,
				CE6FECEB25FFC37D00817E84 /* Info.plist */,
			);
			path = frameworkTestUITests;
			sourceTree = "<group>";
		};
/* End PBXGroup section */

/* Begin PBXNativeTarget section */
		CE6FECC325FFC37C00817E84 /* frameworkTest */ = {
			isa = PBXNativeTarget;
			buildConfigurationList = CE6FECEE25FFC37D00817E84 /* Build configuration list for PBXNativeTarget "frameworkTest" */;
			buildPhases = (
				20BBA59DBD6FAC61FC3159C9 /* [CP] Check Pods Manifest.lock */,
				CE6FECC025FFC37C00817E84 /* Sources */,
				CE6FECC125FFC37C00817E84 /* Frameworks */,
				CE6FECC225FFC37C00817E84 /* Resources */,
				F9080284CCB9D7F65186E109 /* [CP] Copy Pods Resources */,
			);
			buildRules = (
			);
			dependencies = (
			);
			name = frameworkTest;
			productName = frameworkTest;
			productReference = CE6FECC425FFC37C00817E84 /* frameworkTest.app */;
			productType = "com.apple.product-type.application";
		};
		CE6FECD925FFC37D00817E84 /* frameworkTestTests */ = {
			isa = PBXNativeTarget;
			buildConfigurationList = CE6FECF125FFC37D00817E84 /* Build configuration list for PBXNativeTarget "frameworkTestTests" */;
			buildPhases = (
				50B42A394B94C26AF2BF9795 /* [CP] Check Pods Manifest.lock */,
				CE6FECD625FFC37D00817E84 /* Sources */,
				CE6FECD725FFC37D00817E84 /* Frameworks */,
				CE6FECD825FFC37D00817E84 /* Resources */,
			);
			buildRules = (
			);
			dependencies = (
				CE6FECDC25FFC37D00817E84 /* PBXTargetDependency */,
			);
			name = frameworkTestTests;
			productName = frameworkTestTests;
			productReference = CE6FECDA25FFC37D00817E84 /* frameworkTestTests.xctest */;
			productType = "com.apple.product-type.bundle.unit-test";
		};
		CE6FECE425FFC37D00817E84 /* frameworkTestUITests */ = {
			isa = PBXNativeTarget;
			buildConfigurationList = CE6FECF425FFC37D00817E84 /* Build configuration list for PBXNativeTarget "frameworkTestUITests" */;
			buildPhases = (
				902D45D30E1814BCFAB85CC5 /* [CP] Check Pods Manifest.lock */,
				CE6FECE125FFC37D00817E84 /* Sources */,
				CE6FECE225FFC37D00817E84 /* Frameworks */,
				CE6FECE325FFC37D00817E84 /* Resources */,
				237A9478C169481C5A6A78A9 /* [CP] Copy Pods Resources */,
			);
			buildRules = (
			);
			dependencies = (
				CE6FECE725FFC37D00817E84 /* PBXTargetDependency */,
			);
			name = frameworkTestUITests;
			productName = frameworkTestUITests;
			productReference = CE6FECE525FFC37D00817E84 /* frameworkTestUITests.xctest */;
			productType = "com.apple.product-type.bundle.ui-testing";
		};
/* End PBXNativeTarget section */

/* Begin PBXProject section */
		CE6FECBC25FFC37C00817E84 /* Project object */ = {
			isa = PBXProject;
			attributes = {
				LastSwiftUpdateCheck = 1240;
				LastUpgradeCheck = 1240;
				TargetAttributes = {
					CE6FECC325FFC37C00817E84 = {
						CreatedOnToolsVersion = 12.4;
					};
					CE6FECD925FFC37D00817E84 = {
						CreatedOnToolsVersion = 12.4;
						TestTargetID = CE6FECC325FFC37C00817E84;
					};
					CE6FECE425FFC37D00817E84 = {
						CreatedOnToolsVersion = 12.4;
						TestTargetID = CE6FECC325FFC37C00817E84;
					};
				};
			};
			buildConfigurationList = CE6FECBF25FFC37C00817E84 /* Build configuration list for PBXProject "frameworkTest" */;
			compatibilityVersion = "Xcode 9.3";
			developmentRegion = en;
			hasScannedForEncodings = 0;
			knownRegions = (
				en,
				Base,
			);
			mainGroup = CE6FECBB25FFC37C00817E84;
			productRefGroup = CE6FECC525FFC37C00817E84 /* Products */;
			projectDirPath = "";
			projectRoot = "";
			targets = (
				CE6FECC325FFC37C00817E84 /* frameworkTest */,
				CE6FECD925FFC37D00817E84 /* frameworkTestTests */,
				CE6FECE425FFC37D00817E84 /* frameworkTestUITests */,
			);
		};
/* End PBXProject section */

/* Begin PBXResourcesBuildPhase section */
		CE6FECC225FFC37C00817E84 /* Resources */ = {
			isa = PBXResourcesBuildPhase;
			buildActionMask = 2147483647;
			files = (
				CE6FECD425FFC37D00817E84 /* LaunchScreen.storyboard in Resources */,
				CE6FECD125FFC37D00817E84 /* Assets.xcassets in Resources */,
				CE6FECCF25FFC37C00817E84 /* Main.storyboard in Resources */,
			);
			runOnlyForDeploymentPostprocessing = 0;
		};
		CE6FECD825FFC37D00817E84 /* Resources */ = {
			isa = PBXResourcesBuildPhase;
			buildActionMask = 2147483647;
			files = (
			);
			runOnlyForDeploymentPostprocessing = 0;
		};
		CE6FECE325FFC37D00817E84 /* Resources */ = {
			isa = PBXResourcesBuildPhase;
			buildActionMask = 2147483647;
			files = (
			);
			runOnlyForDeploymentPostprocessing = 0;
		};
/* End PBXResourcesBuildPhase section */

/* Begin PBXShellScriptBuildPhase section */
		20BBA59DBD6FAC61FC3159C9 /* [CP] Check Pods Manifest.lock */ = {
			isa = PBXShellScriptBuildPhase;
			buildActionMask = 2147483647;
			files = (
			);
			inputFileListPaths = (
			);
			inputPaths = (
				"${PODS_PODFILE_DIR_PATH}/Podfile.lock",
				"${PODS_ROOT}/Manifest.lock",
			);
			name = "[CP] Check Pods Manifest.lock";
			outputFileListPaths = (
			);
			outputPaths = (
				"$(DERIVED_FILE_DIR)/Pods-frameworkTest-checkManifestLockResult.txt",
			);
			runOnlyForDeploymentPostprocessing = 0;
			shellPath = /bin/sh;
			shellScript = "diff \"${PODS_PODFILE_DIR_PATH}/Podfile.lock\" \"${PODS_ROOT}/Manifest.lock\" > /dev/null\nif [ $? != 0 ] ; then\n    # print error to STDERR\n    echo \"error: The sandbox is not in sync with the Podfile.lock. Run 'pod install' or update your CocoaPods installation.\" >&2\n    exit 1\nfi\n# This output is used by Xcode 'outputs' to avoid re-running this script phase.\necho \"SUCCESS\" > \"${SCRIPT_OUTPUT_FILE_0}\"\n";
			showEnvVarsInLog = 0;
		};
		237A9478C169481C5A6A78A9 /* [CP] Copy Pods Resources */ = {
			isa = PBXShellScriptBuildPhase;
			buildActionMask = 2147483647;
			files = (
			);
			inputFileListPaths = (
				"${PODS_ROOT}/Target Support Files/Pods-frameworkTest-frameworkTestUITests/Pods-frameworkTest-frameworkTestUITests-resources-${CONFIGURATION}-input-files.xcfilelist",
			);
			name = "[CP] Copy Pods Resources";
			outputFileListPaths = (
				"${PODS_ROOT}/Target Support Files/Pods-frameworkTest-frameworkTestUITests/Pods-frameworkTest-frameworkTestUITests-resources-${CONFIGURATION}-output-files.xcfilelist",
			);
			runOnlyForDeploymentPostprocessing = 0;
			shellPath = /bin/sh;
			shellScript = "\"${PODS_ROOT}/Target Support Files/Pods-frameworkTest-frameworkTestUITests/Pods-frameworkTest-frameworkTestUITests-resources.sh\"\n";
			showEnvVarsInLog = 0;
		};
		50B42A394B94C26AF2BF9795 /* [CP] Check Pods Manifest.lock */ = {
			isa = PBXShellScriptBuildPhase;
			buildActionMask = 2147483647;
			files = (
			);
			inputFileListPaths = (
			);
			inputPaths = (
				"${PODS_PODFILE_DIR_PATH}/Podfile.lock",
				"${PODS_ROOT}/Manifest.lock",
			);
			name = "[CP] Check Pods Manifest.lock";
			outputFileListPaths = (
			);
			outputPaths = (
				"$(DERIVED_FILE_DIR)/Pods-frameworkTestTests-checkManifestLockResult.txt",
			);
			runOnlyForDeploymentPostprocessing = 0;
			shellPath = /bin/sh;
			shellScript = "diff \"${PODS_PODFILE_DIR_PATH}/Podfile.lock\" \"${PODS_ROOT}/Manifest.lock\" > /dev/null\nif [ $? != 0 ] ; then\n    # print error to STDERR\n    echo \"error: The sandbox is not in sync with the Podfile.lock. Run 'pod install' or update your CocoaPods installation.\" >&2\n    exit 1\nfi\n# This output is used by Xcode 'outputs' to avoid re-running this script phase.\necho \"SUCCESS\" > \"${SCRIPT_OUTPUT_FILE_0}\"\n";
			showEnvVarsInLog = 0;
		};
		902D45D30E1814BCFAB85CC5 /* [CP] Check Pods Manifest.lock */ = {
			isa = PBXShellScriptBuildPhase;
			buildActionMask = 2147483647;
			files = (
			);
			inputFileListPaths = (
			);
			inputPaths = (
				"${PODS_PODFILE_DIR_PATH}/Podfile.lock",
				"${PODS_ROOT}/Manifest.lock",
			);
			name = "[CP] Check Pods Manifest.lock";
			outputFileListPaths = (
			);
			outputPaths = (
				"$(DERIVED_FILE_DIR)/Pods-frameworkTest-frameworkTestUITests-checkManifestLockResult.txt",
			);
			runOnlyForDeploymentPostprocessing = 0;
			shellPath = /bin/sh;
			shellScript = "diff \"${PODS_PODFILE_DIR_PATH}/Podfile.lock\" \"${PODS_ROOT}/Manifest.lock\" > /dev/null\nif [ $? != 0 ] ; then\n    # print error to STDERR\n    echo \"error: The sandbox is not in sync with the Podfile.lock. Run 'pod install' or update your CocoaPods installation.\" >&2\n    exit 1\nfi\n# This output is used by Xcode 'outputs' to avoid re-running this script phase.\necho \"SUCCESS\" > \"${SCRIPT_OUTPUT_FILE_0}\"\n";
			showEnvVarsInLog = 0;
		};
		F9080284CCB9D7F65186E109 /* [CP] Copy Pods Resources */ = {
			isa = PBXShellScriptBuildPhase;
			buildActionMask = 2147483647;
			files = (
			);
			inputFileListPaths = (
				"${PODS_ROOT}/Target Support Files/Pods-frameworkTest/Pods-frameworkTest-resources-${CONFIGURATION}-input-files.xcfilelist",
			);
			name = "[CP] Copy Pods Resources";
			outputFileListPaths = (
				"${PODS_ROOT}/Target Support Files/Pods-frameworkTest/Pods-frameworkTest-resources-${CONFIGURATION}-output-files.xcfilelist",
			);
			runOnlyForDeploymentPostprocessing = 0;
			shellPath = /bin/sh;
			shellScript = "\"${PODS_ROOT}/Target Support Files/Pods-frameworkTest/Pods-frameworkTest-resources.sh\"\n";
			showEnvVarsInLog = 0;
		};
/* End PBXShellScriptBuildPhase section */

/* Begin PBXSourcesBuildPhase section */
		CE6FECC025FFC37C00817E84 /* Sources */ = {
			isa = PBXSourcesBuildPhase;
			buildActionMask = 2147483647;
			files = (
				CE6FECCC25FFC37C00817E84 /* ViewController.swift in Sources */,
				CE6FECC825FFC37C00817E84 /* AppDelegate.swift in Sources */,
				CE6FECCA25FFC37C00817E84 /* SceneDelegate.swift in Sources */,
			);
			runOnlyForDeploymentPostprocessing = 0;
		};
		CE6FECD625FFC37D00817E84 /* Sources */ = {
			isa = PBXSourcesBuildPhase;
			buildActionMask = 2147483647;
			files = (
				CE6FECDF25FFC37D00817E84 /* frameworkTestTests.swift in Sources */,
			);
			runOnlyForDeploymentPostprocessing = 0;
		};
		CE6FECE125FFC37D00817E84 /* Sources */ = {
			isa = PBXSourcesBuildPhase;
			buildActionMask = 2147483647;
			files = (
				CE6FECEA25FFC37D00817E84 /* frameworkTestUITests.swift in Sources */,
			);
			runOnlyForDeploymentPostprocessing = 0;
		};
/* End PBXSourcesBuildPhase section */

/* Begin PBXTargetDependency section */
		CE6FECDC25FFC37D00817E84 /* PBXTargetDependency */ = {
			isa = PBXTargetDependency;
			target = CE6FECC325FFC37C00817E84 /* frameworkTest */;
			targetProxy = CE6FECDB25FFC37D00817E84 /* PBXContainerItemProxy */;
		};
		CE6FECE725FFC37D00817E84 /* PBXTargetDependency */ = {
			isa = PBXTargetDependency;
			target = CE6FECC325FFC37C00817E84 /* frameworkTest */;
			targetProxy = CE6FECE625FFC37D00817E84 /* PBXContainerItemProxy */;
		};
/* End PBXTargetDependency section */

/* Begin PBXVariantGroup section */
		CE6FECCD25FFC37C00817E84 /* Main.storyboard */ = {
			isa = PBXVariantGroup;
			children = (
				CE6FECCE25FFC37C00817E84 /* Base */,
			);
			name = Main.storyboard;
			sourceTree = "<group>";
		};
		CE6FECD225FFC37D00817E84 /* LaunchScreen.storyboard */ = {
			isa = PBXVariantGroup;
			children = (
				CE6FECD325FFC37D00817E84 /* Base */,
			);
			name = LaunchScreen.storyboard;
			sourceTree = "<group>";
		};
/* End PBXVariantGroup section */

/* Begin XCBuildConfiguration section */
		CE6FECEC25FFC37D00817E84 /* Debug */ = {
			isa = XCBuildConfiguration;
			buildSettings = {
				ALWAYS_SEARCH_USER_PATHS = NO;
				CLANG_ANALYZER_NONNULL = YES;
				CLANG_ANALYZER_NUMBER_OBJECT_CONVERSION = YES_AGGRESSIVE;
				CLANG_CXX_LANGUAGE_STANDARD = "gnu++14";
				CLANG_CXX_LIBRARY = "libc++";
				CLANG_ENABLE_MODULES = YES;
				CLANG_ENABLE_OBJC_ARC = YES;
				CLANG_ENABLE_OBJC_WEAK = YES;
				CLANG_WARN_BLOCK_CAPTURE_AUTORELEASING = YES;
				CLANG_WARN_BOOL_CONVERSION = YES;
				CLANG_WARN_COMMA = YES;
				CLANG_WARN_CONSTANT_CONVERSION = YES;
				CLANG_WARN_DEPRECATED_OBJC_IMPLEMENTATIONS = YES;
				CLANG_WARN_DIRECT_OBJC_ISA_USAGE = YES_ERROR;
				CLANG_WARN_DOCUMENTATION_COMMENTS = YES;
				CLANG_WARN_EMPTY_BODY = YES;
				CLANG_WARN_ENUM_CONVERSION = YES;
				CLANG_WARN_INFINITE_RECURSION = YES;
				CLANG_WARN_INT_CONVERSION = YES;
				CLANG_WARN_NON_LITERAL_NULL_CONVERSION = YES;
				CLANG_WARN_OBJC_IMPLICIT_RETAIN_SELF = YES;
				CLANG_WARN_OBJC_LITERAL_CONVERSION = YES;
				CLANG_WARN_OBJC_ROOT_CLASS = YES_ERROR;
				CLANG_WARN_QUOTED_INCLUDE_IN_FRAMEWORK_HEADER = YES;
				CLANG_WARN_RANGE_LOOP_ANALYSIS = YES;
				CLANG_WARN_STRICT_PROTOTYPES = YES;
				CLANG_WARN_SUSPICIOUS_MOVE = YES;
				CLANG_WARN_UNGUARDED_AVAILABILITY = YES_AGGRESSIVE;
				CLANG_WARN_UNREACHABLE_CODE = YES;
				CLANG_WARN__DUPLICATE_METHOD_MATCH = YES;
				COPY_PHASE_STRIP = NO;
				DEBUG_INFORMATION_FORMAT = dwarf;
				ENABLE_STRICT_OBJC_MSGSEND = YES;
				ENABLE_TESTABILITY = YES;
				GCC_C_LANGUAGE_STANDARD = gnu11;
				GCC_DYNAMIC_NO_PIC = NO;
				GCC_NO_COMMON_BLOCKS = YES;
				GCC_OPTIMIZATION_LEVEL = 0;
				GCC_PREPROCESSOR_DEFINITIONS = (
					"DEBUG=1",
					"$(inherited)",
				);
				GCC_WARN_64_TO_32_BIT_CONVERSION = YES;
				GCC_WARN_ABOUT_RETURN_TYPE = YES_ERROR;
				GCC_WARN_UNDECLARED_SELECTOR = YES;
				GCC_WARN_UNINITIALIZED_AUTOS = YES_AGGRESSIVE;
				GCC_WARN_UNUSED_FUNCTION = YES;
				GCC_WARN_UNUSED_VARIABLE = YES;
				IPHONEOS_DEPLOYMENT_TARGET = 14.4;
				MTL_ENABLE_DEBUG_INFO = INCLUDE_SOURCE;
				MTL_FAST_MATH = YES;
				ONLY_ACTIVE_ARCH = YES;
				SDKROOT = iphoneos;
				SWIFT_ACTIVE_COMPILATION_CONDITIONS = DEBUG;
				SWIFT_OPTIMIZATION_LEVEL = "-Onone";
			};
			name = Debug;
		};
		CE6FECED25FFC37D00817E84 /* Release */ = {
			isa = XCBuildConfiguration;
			buildSettings = {
				ALWAYS_SEARCH_USER_PATHS = NO;
				CLANG_ANALYZER_NONNULL = YES;
				CLANG_ANALYZER_NUMBER_OBJECT_CONVERSION = YES_AGGRESSIVE;
				CLANG_CXX_LANGUAGE_STANDARD = "gnu++14";
				CLANG_CXX_LIBRARY = "libc++";
				CLANG_ENABLE_MODULES = YES;
				CLANG_ENABLE_OBJC_ARC = YES;
				CLANG_ENABLE_OBJC_WEAK = YES;
				CLANG_WARN_BLOCK_CAPTURE_AUTORELEASING = YES;
				CLANG_WARN_BOOL_CONVERSION = YES;
				CLANG_WARN_COMMA = YES;
				CLANG_WARN_CONSTANT_CONVERSION = YES;
				CLANG_WARN_DEPRECATED_OBJC_IMPLEMENTATIONS = YES;
				CLANG_WARN_DIRECT_OBJC_ISA_USAGE = YES_ERROR;
				CLANG_WARN_DOCUMENTATION_COMMENTS = YES;
				CLANG_WARN_EMPTY_BODY = YES;
				CLANG_WARN_ENUM_CONVERSION = YES;
				CLANG_WARN_INFINITE_RECURSION = YES;
				CLANG_WARN_INT_CONVERSION = YES;
				CLANG_WARN_NON_LITERAL_NULL_CONVERSION = YES;
				CLANG_WARN_OBJC_IMPLICIT_RETAIN_SELF = YES;
				CLANG_WARN_OBJC_LITERAL_CONVERSION = YES;
				CLANG_WARN_OBJC_ROOT_CLASS = YES_ERROR;
				CLANG_WARN_QUOTED_INCLUDE_IN_FRAMEWORK_HEADER = YES;
				CLANG_WARN_RANGE_LOOP_ANALYSIS = YES;
				CLANG_WARN_STRICT_PROTOTYPES = YES;
				CLANG_WARN_SUSPICIOUS_MOVE = YES;
				CLANG_WARN_UNGUARDED_AVAILABILITY = YES_AGGRESSIVE;
				CLANG_WARN_UNREACHABLE_CODE = YES;
				CLANG_WARN__DUPLICATE_METHOD_MATCH = YES;
				COPY_PHASE_STRIP = NO;
				DEBUG_INFORMATION_FORMAT = "dwarf-with-dsym";
				ENABLE_NS_ASSERTIONS = NO;
				ENABLE_STRICT_OBJC_MSGSEND = YES;
				GCC_C_LANGUAGE_STANDARD = gnu11;
				GCC_NO_COMMON_BLOCKS = YES;
				GCC_WARN_64_TO_32_BIT_CONVERSION = YES;
				GCC_WARN_ABOUT_RETURN_TYPE = YES_ERROR;
				GCC_WARN_UNDECLARED_SELECTOR = YES;
				GCC_WARN_UNINITIALIZED_AUTOS = YES_AGGRESSIVE;
				GCC_WARN_UNUSED_FUNCTION = YES;
				GCC_WARN_UNUSED_VARIABLE = YES;
				IPHONEOS_DEPLOYMENT_TARGET = 14.4;
				MTL_ENABLE_DEBUG_INFO = NO;
				MTL_FAST_MATH = YES;
				SDKROOT = iphoneos;
				SWIFT_COMPILATION_MODE = wholemodule;
				SWIFT_OPTIMIZATION_LEVEL = "-O";
				VALIDATE_PRODUCT = YES;
			};
			name = Release;
		};
		CE6FECEF25FFC37D00817E84 /* Debug */ = {
			isa = XCBuildConfiguration;
			baseConfigurationReference = 947DB563A41CF902AC4B428E /* Pods-frameworkTest.debug.xcconfig */;
			buildSettings = {
				ASSETCATALOG_COMPILER_APPICON_NAME = AppIcon;
				ASSETCATALOG_COMPILER_GLOBAL_ACCENT_COLOR_NAME = AccentColor;
				CODE_SIGN_STYLE = Automatic;
				DEVELOPMENT_TEAM = C92M3ZV55X;
				INFOPLIST_FILE = frameworkTest/Info.plist;
				LD_RUNPATH_SEARCH_PATHS = (
					"$(inherited)",
					"@executable_path/Frameworks",
				);
				PRODUCT_BUNDLE_IDENTIFIER = ru.aviasales.frameworkTest;
				PRODUCT_NAME = "$(TARGET_NAME)";
				SWIFT_VERSION = 5.0;
				TARGETED_DEVICE_FAMILY = "1,2";
			};
			name = Debug;
		};
		CE6FECF025FFC37D00817E84 /* Release */ = {
			isa = XCBuildConfiguration;
			baseConfigurationReference = 6D2EFB1F86DEEBDA169D1943 /* Pods-frameworkTest.release.xcconfig */;
			buildSettings = {
				ASSETCATALOG_COMPILER_APPICON_NAME = AppIcon;
				ASSETCATALOG_COMPILER_GLOBAL_ACCENT_COLOR_NAME = AccentColor;
				CODE_SIGN_STYLE = Automatic;
				DEVELOPMENT_TEAM = C92M3ZV55X;
				INFOPLIST_FILE = frameworkTest/Info.plist;
				LD_RUNPATH_SEARCH_PATHS = (
					"$(inherited)",
					"@executable_path/Frameworks",
				);
				PRODUCT_BUNDLE_IDENTIFIER = ru.aviasales.frameworkTest;
				PRODUCT_NAME = "$(TARGET_NAME)";
				SWIFT_VERSION = 5.0;
				TARGETED_DEVICE_FAMILY = "1,2";
			};
			name = Release;
		};
		CE6FECF225FFC37D00817E84 /* Debug */ = {
			isa = XCBuildConfiguration;
			baseConfigurationReference = 0D1F57F364689D40F87F95D7 /* Pods-frameworkTestTests.debug.xcconfig */;
			buildSettings = {
				ALWAYS_EMBED_SWIFT_STANDARD_LIBRARIES = YES;
				BUNDLE_LOADER = "$(TEST_HOST)";
				CODE_SIGN_STYLE = Automatic;
				DEVELOPMENT_TEAM = C92M3ZV55X;
				INFOPLIST_FILE = frameworkTestTests/Info.plist;
				IPHONEOS_DEPLOYMENT_TARGET = 14.4;
				LD_RUNPATH_SEARCH_PATHS = (
					"$(inherited)",
					"@executable_path/Frameworks",
					"@loader_path/Frameworks",
				);
				PRODUCT_BUNDLE_IDENTIFIER = ru.aviasales.frameworkTestTests;
				PRODUCT_NAME = "$(TARGET_NAME)";
				SWIFT_VERSION = 5.0;
				TARGETED_DEVICE_FAMILY = "1,2";
				TEST_HOST = "$(BUILT_PRODUCTS_DIR)/frameworkTest.app/frameworkTest";
			};
			name = Debug;
		};
		CE6FECF325FFC37D00817E84 /* Release */ = {
			isa = XCBuildConfiguration;
			baseConfigurationReference = 46E4FD420E2EF41DBE6512EC /* Pods-frameworkTestTests.release.xcconfig */;
			buildSettings = {
				ALWAYS_EMBED_SWIFT_STANDARD_LIBRARIES = YES;
				BUNDLE_LOADER = "$(TEST_HOST)";
				CODE_SIGN_STYLE = Automatic;
				DEVELOPMENT_TEAM = C92M3ZV55X;
				INFOPLIST_FILE = frameworkTestTests/Info.plist;
				IPHONEOS_DEPLOYMENT_TARGET = 14.4;
				LD_RUNPATH_SEARCH_PATHS = (
					"$(inherited)",
					"@executable_path/Frameworks",
					"@loader_path/Frameworks",
				);
				PRODUCT_BUNDLE_IDENTIFIER = ru.aviasales.frameworkTestTests;
				PRODUCT_NAME = "$(TARGET_NAME)";
				SWIFT_VERSION = 5.0;
				TARGETED_DEVICE_FAMILY = "1,2";
				TEST_HOST = "$(BUILT_PRODUCTS_DIR)/frameworkTest.app/frameworkTest";
			};
			name = Release;
		};
		CE6FECF525FFC37D00817E84 /* Debug */ = {
			isa = XCBuildConfiguration;
			baseConfigurationReference = F364D07B05365B39D01A35FE /* Pods-frameworkTest-frameworkTestUITests.debug.xcconfig */;
			buildSettings = {
				ALWAYS_EMBED_SWIFT_STANDARD_LIBRARIES = YES;
				CODE_SIGN_STYLE = Automatic;
				DEVELOPMENT_TEAM = C92M3ZV55X;
				INFOPLIST_FILE = frameworkTestUITests/Info.plist;
				LD_RUNPATH_SEARCH_PATHS = (
					"$(inherited)",
					"@executable_path/Frameworks",
					"@loader_path/Frameworks",
				);
				PRODUCT_BUNDLE_IDENTIFIER = ru.aviasales.frameworkTestUITests;
				PRODUCT_NAME = "$(TARGET_NAME)";
				SWIFT_VERSION = 5.0;
				TARGETED_DEVICE_FAMILY = "1,2";
				TEST_TARGET_NAME = frameworkTest;
			};
			name = Debug;
		};
		CE6FECF625FFC37D00817E84 /* Release */ = {
			isa = XCBuildConfiguration;
			baseConfigurationReference = 160CBA9B852EA9D2E6239E7B /* Pods-frameworkTest-frameworkTestUITests.release.xcconfig */;
			buildSettings = {
				ALWAYS_EMBED_SWIFT_STANDARD_LIBRARIES = YES;
				CODE_SIGN_STYLE = Automatic;
				DEVELOPMENT_TEAM = C92M3ZV55X;
				INFOPLIST_FILE = frameworkTestUITests/Info.plist;
				LD_RUNPATH_SEARCH_PATHS = (
					"$(inherited)",
					"@executable_path/Frameworks",
					"@loader_path/Frameworks",
				);
				PRODUCT_BUNDLE_IDENTIFIER = ru.aviasales.frameworkTestUITests;
				PRODUCT_NAME = "$(TARGET_NAME)";
				SWIFT_VERSION = 5.0;
				TARGETED_DEVICE_FAMILY = "1,2";
				TEST_TARGET_NAME = frameworkTest;
			};
			name = Release;
		};
/* End XCBuildConfiguration section */

/* Begin XCConfigurationList section */
		CE6FECBF25FFC37C00817E84 /* Build configuration list for PBXProject "frameworkTest" */ = {
			isa = XCConfigurationList;
			buildConfigurations = (
				CE6FECEC25FFC37D00817E84 /* Debug */,
				CE6FECED25FFC37D00817E84 /* Release */,
			);
			defaultConfigurationIsVisible = 0;
			defaultConfigurationName = Release;
		};
		CE6FECEE25FFC37D00817E84 /* Build configuration list for PBXNativeTarget "frameworkTest" */ = {
			isa = XCConfigurationList;
			buildConfigurations = (
				CE6FECEF25FFC37D00817E84 /* Debug */,
				CE6FECF025FFC37D00817E84 /* Release */,
			);
			defaultConfigurationIsVisible = 0;
			defaultConfigurationName = Release;
		};
		CE6FECF125FFC37D00817E84 /* Build configuration list for PBXNativeTarget "frameworkTestTests" */ = {
			isa = XCConfigurationList;
			buildConfigurations = (
				CE6FECF225FFC37D00817E84 /* Debug */,
				CE6FECF325FFC37D00817E84 /* Release */,
			);
			defaultConfigurationIsVisible = 0;
			defaultConfigurationName = Release;
		};
		CE6FECF425FFC37D00817E84 /* Build configuration list for PBXNativeTarget "frameworkTestUITests" */ = {
			isa = XCConfigurationList;
			buildConfigurations = (
				CE6FECF525FFC37D00817E84 /* Debug */,
				CE6FECF625FFC37D00817E84 /* Release */,
			);
			defaultConfigurationIsVisible = 0;
			defaultConfigurationName = Release;
		};
/* End XCConfigurationList section */
	};
	rootObject = CE6FECBC25FFC37C00817E84 /* Project object */;
}
