PODS:
  - JRModule1 (1.0):
    - Neon
  - JRModule10 (1.0):
    - Neon
  - JRModule100 (1.0):
    - Neon
  - JRModule101 (1.0):
    - Neon
  - JRModule102 (1.0):
    - Neon
  - JRModule103 (1.0):
    - Neon
  - JRModule104 (1.0):
    - Neon
  - JRModule105 (1.0):
    - Neon
  - JRModule106 (1.0):
    - Neon
  - JRModule107 (1.0):
    - Neon
  - JRModule108 (1.0):
    - Neon
  - JRModule109 (1.0):
    - Neon
  - JRModule11 (1.0):
    - Neon
  - JRModule110 (1.0):
    - Neon
  - JRModule111 (1.0):
    - Neon
  - JRModule112 (1.0):
    - Neon
  - JRModule113 (1.0):
    - Neon
  - JRModule114 (1.0):
    - Neon
  - JRModule115 (1.0):
    - Neon
  - JRModule116 (1.0):
    - Neon
  - JRModule117 (1.0):
    - Neon
  - JRModule118 (1.0):
    - Neon
  - JRModule119 (1.0):
    - Neon
  - JRModule12 (1.0):
    - Neon
  - JRModule120 (1.0):
    - Neon
  - JRModule121 (1.0):
    - Neon
  - JRModule122 (1.0):
    - Neon
  - JRModule123 (1.0):
    - Neon
  - JRModule124 (1.0):
    - Neon
  - JRModule125 (1.0):
    - Neon
  - JRModule126 (1.0):
    - Neon
  - JRModule127 (1.0):
    - Neon
  - JRModule128 (1.0):
    - Neon
  - JRModule129 (1.0):
    - Neon
  - JRModule13 (1.0):
    - Neon
  - JRModule130 (1.0):
    - Neon
  - JRModule131 (1.0):
    - Neon
  - JRModule132 (1.0):
    - Neon
  - JRModule133 (1.0):
    - Neon
  - JRModule134 (1.0):
    - Neon
  - JRModule135 (1.0):
    - Neon
  - JRModule136 (1.0):
    - Neon
  - JRModule137 (1.0):
    - Neon
  - JRModule138 (1.0):
    - Neon
  - JRModule139 (1.0):
    - Neon
  - JRModule14 (1.0):
    - Neon
  - JRModule140 (1.0):
    - Neon
  - JRModule141 (1.0):
    - Neon
  - JRModule142 (1.0):
    - Neon
  - JRModule143 (1.0):
    - Neon
  - JRModule144 (1.0):
    - Neon
  - JRModule145 (1.0):
    - Neon
  - JRModule146 (1.0):
    - Neon
  - JRModule147 (1.0):
    - Neon
  - JRModule148 (1.0):
    - Neon
  - JRModule149 (1.0):
    - Neon
  - JRModule15 (1.0):
    - Neon
  - JRModule150 (1.0):
    - Neon
  - JRModule151 (1.0):
    - Neon
  - JRModule152 (1.0):
    - Neon
  - JRModule153 (1.0):
    - Neon
  - JRModule154 (1.0):
    - Neon
  - JRModule155 (1.0):
    - Neon
  - JRModule156 (1.0):
    - Neon
  - JRModule157 (1.0):
    - Neon
  - JRModule158 (1.0):
    - Neon
  - JRModule159 (1.0):
    - Neon
  - JRModule16 (1.0):
    - Neon
  - JRModule160 (1.0):
    - Neon
  - JRModule161 (1.0):
    - Neon
  - JRModule162 (1.0):
    - Neon
  - JRModule163 (1.0):
    - Neon
  - JRModule164 (1.0):
    - Neon
  - JRModule165 (1.0):
    - Neon
  - JRModule166 (1.0):
    - Neon
  - JRModule167 (1.0):
    - Neon
  - JRModule168 (1.0):
    - Neon
  - JRModule169 (1.0):
    - Neon
  - JRModule17 (1.0):
    - Neon
  - JRModule170 (1.0):
    - Neon
  - JRModule171 (1.0):
    - Neon
  - JRModule172 (1.0):
    - Neon
  - JRModule173 (1.0):
    - Neon
  - JRModule174 (1.0):
    - Neon
  - JRModule175 (1.0):
    - Neon
  - JRModule176 (1.0):
    - Neon
  - JRModule177 (1.0):
    - Neon
  - JRModule178 (1.0):
    - Neon
  - JRModule179 (1.0):
    - Neon
  - JRModule18 (1.0):
    - Neon
  - JRModule180 (1.0):
    - Neon
  - JRModule181 (1.0):
    - Neon
  - JRModule182 (1.0):
    - Neon
  - JRModule183 (1.0):
    - Neon
  - JRModule184 (1.0):
    - Neon
  - JRModule185 (1.0):
    - Neon
  - JRModule186 (1.0):
    - Neon
  - JRModule187 (1.0):
    - Neon
  - JRModule188 (1.0):
    - Neon
  - JRModule189 (1.0):
    - Neon
  - JRModule19 (1.0):
    - Neon
  - JRModule190 (1.0):
    - Neon
  - JRModule191 (1.0):
    - Neon
  - JRModule192 (1.0):
    - Neon
  - JRModule193 (1.0):
    - Neon
  - JRModule194 (1.0):
    - Neon
  - JRModule195 (1.0):
    - Neon
  - JRModule196 (1.0):
    - Neon
  - JRModule197 (1.0):
    - Neon
  - JRModule198 (1.0):
    - Neon
  - JRModule199 (1.0):
    - Neon
  - JRModule2 (1.0):
    - Neon
  - JRModule20 (1.0):
    - Neon
  - JRModule200 (1.0):
    - Neon
  - JRModule201 (1.0):
    - Neon
  - JRModule202 (1.0):
    - Neon
  - JRModule203 (1.0):
    - Neon
  - JRModule204 (1.0):
    - Neon
  - JRModule205 (1.0):
    - Neon
  - JRModule206 (1.0):
    - Neon
  - JRModule207 (1.0):
    - Neon
  - JRModule208 (1.0):
    - Neon
  - JRModule209 (1.0):
    - Neon
  - JRModule21 (1.0):
    - Neon
  - JRModule210 (1.0):
    - Neon
  - JRModule211 (1.0):
    - Neon
  - JRModule212 (1.0):
    - Neon
  - JRModule213 (1.0):
    - Neon
  - JRModule214 (1.0):
    - Neon
  - JRModule215 (1.0):
    - Neon
  - JRModule216 (1.0):
    - Neon
  - JRModule217 (1.0):
    - Neon
  - JRModule218 (1.0):
    - Neon
  - JRModule219 (1.0):
    - Neon
  - JRModule22 (1.0):
    - Neon
  - JRModule220 (1.0):
    - Neon
  - JRModule221 (1.0):
    - Neon
  - JRModule222 (1.0):
    - Neon
  - JRModule223 (1.0):
    - Neon
  - JRModule224 (1.0):
    - Neon
  - JRModule225 (1.0):
    - Neon
  - JRModule226 (1.0):
    - Neon
  - JRModule227 (1.0):
    - Neon
  - JRModule228 (1.0):
    - Neon
  - JRModule229 (1.0):
    - Neon
  - JRModule23 (1.0):
    - Neon
  - JRModule230 (1.0):
    - Neon
  - JRModule231 (1.0):
    - Neon
  - JRModule232 (1.0):
    - Neon
  - JRModule233 (1.0):
    - Neon
  - JRModule234 (1.0):
    - Neon
  - JRModule235 (1.0):
    - Neon
  - JRModule236 (1.0):
    - Neon
  - JRModule237 (1.0):
    - Neon
  - JRModule238 (1.0):
    - Neon
  - JRModule239 (1.0):
    - Neon
  - JRModule24 (1.0):
    - Neon
  - JRModule240 (1.0):
    - Neon
  - JRModule241 (1.0):
    - Neon
  - JRModule242 (1.0):
    - Neon
  - JRModule243 (1.0):
    - Neon
  - JRModule244 (1.0):
    - Neon
  - JRModule245 (1.0):
    - Neon
  - JRModule246 (1.0):
    - Neon
  - JRModule247 (1.0):
    - Neon
  - JRModule248 (1.0):
    - Neon
  - JRModule249 (1.0):
    - Neon
  - JRModule25 (1.0):
    - Neon
  - JRModule250 (1.0):
    - Neon
  - JRModule251 (1.0):
    - Neon
  - JRModule252 (1.0):
    - Neon
  - JRModule253 (1.0):
    - Neon
  - JRModule254 (1.0):
    - Neon
  - JRModule255 (1.0):
    - Neon
  - JRModule256 (1.0):
    - Neon
  - JRModule257 (1.0):
    - Neon
  - JRModule258 (1.0):
    - Neon
  - JRModule259 (1.0):
    - Neon
  - JRModule26 (1.0):
    - Neon
  - JRModule260 (1.0):
    - Neon
  - JRModule261 (1.0):
    - Neon
  - JRModule262 (1.0):
    - Neon
  - JRModule263 (1.0):
    - Neon
  - JRModule264 (1.0):
    - Neon
  - JRModule265 (1.0):
    - Neon
  - JRModule266 (1.0):
    - Neon
  - JRModule267 (1.0):
    - Neon
  - JRModule268 (1.0):
    - Neon
  - JRModule269 (1.0):
    - Neon
  - JRModule27 (1.0):
    - Neon
  - JRModule270 (1.0):
    - Neon
  - JRModule271 (1.0):
    - Neon
  - JRModule272 (1.0):
    - Neon
  - JRModule273 (1.0):
    - Neon
  - JRModule274 (1.0):
    - Neon
  - JRModule275 (1.0):
    - Neon
  - JRModule276 (1.0):
    - Neon
  - JRModule277 (1.0):
    - Neon
  - JRModule278 (1.0):
    - Neon
  - JRModule279 (1.0):
    - Neon
  - JRModule28 (1.0):
    - Neon
  - JRModule280 (1.0):
    - Neon
  - JRModule281 (1.0):
    - Neon
  - JRModule282 (1.0):
    - Neon
  - JRModule283 (1.0):
    - Neon
  - JRModule284 (1.0):
    - Neon
  - JRModule285 (1.0):
    - Neon
  - JRModule286 (1.0):
    - Neon
  - JRModule287 (1.0):
    - Neon
  - JRModule288 (1.0):
    - Neon
  - JRModule289 (1.0):
    - Neon
  - JRModule29 (1.0):
    - Neon
  - JRModule290 (1.0):
    - Neon
  - JRModule291 (1.0):
    - Neon
  - JRModule292 (1.0):
    - Neon
  - JRModule293 (1.0):
    - Neon
  - JRModule294 (1.0):
    - Neon
  - JRModule295 (1.0):
    - Neon
  - JRModule296 (1.0):
    - Neon
  - JRModule297 (1.0):
    - Neon
  - JRModule298 (1.0):
    - Neon
  - JRModule299 (1.0):
    - Neon
  - JRModule3 (1.0):
    - Neon
  - JRModule30 (1.0):
    - Neon
  - JRModule31 (1.0):
    - Neon
  - JRModule32 (1.0):
    - Neon
  - JRModule33 (1.0):
    - Neon
  - JRModule34 (1.0):
    - Neon
  - JRModule35 (1.0):
    - Neon
  - JRModule36 (1.0):
    - Neon
  - JRModule37 (1.0):
    - Neon
  - JRModule38 (1.0):
    - Neon
  - JRModule39 (1.0):
    - Neon
  - JRModule4 (1.0):
    - Neon
  - JRModule40 (1.0):
    - Neon
  - JRModule41 (1.0):
    - Neon
  - JRModule42 (1.0):
    - Neon
  - JRModule43 (1.0):
    - Neon
  - JRModule44 (1.0):
    - Neon
  - JRModule45 (1.0):
    - Neon
  - JRModule46 (1.0):
    - Neon
  - JRModule47 (1.0):
    - Neon
  - JRModule48 (1.0):
    - Neon
  - JRModule49 (1.0):
    - Neon
  - JRModule5 (1.0):
    - Neon
  - JRModule50 (1.0):
    - Neon
  - JRModule51 (1.0):
    - Neon
  - JRModule52 (1.0):
    - Neon
  - JRModule53 (1.0):
    - Neon
  - JRModule54 (1.0):
    - Neon
  - JRModule55 (1.0):
    - Neon
  - JRModule56 (1.0):
    - Neon
  - JRModule57 (1.0):
    - Neon
  - JRModule58 (1.0):
    - Neon
  - JRModule59 (1.0):
    - Neon
  - JRModule6 (1.0):
    - Neon
  - JRModule60 (1.0):
    - Neon
  - JRModule61 (1.0):
    - Neon
  - JRModule62 (1.0):
    - Neon
  - JRModule63 (1.0):
    - Neon
  - JRModule64 (1.0):
    - Neon
  - JRModule65 (1.0):
    - Neon
  - JRModule66 (1.0):
    - Neon
  - JRModule67 (1.0):
    - Neon
  - JRModule68 (1.0):
    - Neon
  - JRModule69 (1.0):
    - Neon
  - JRModule7 (1.0):
    - Neon
  - JRModule70 (1.0):
    - Neon
  - JRModule71 (1.0):
    - Neon
  - JRModule72 (1.0):
    - Neon
  - JRModule73 (1.0):
    - Neon
  - JRModule74 (1.0):
    - Neon
  - JRModule75 (1.0):
    - Neon
  - JRModule76 (1.0):
    - Neon
  - JRModule77 (1.0):
    - Neon
  - JRModule78 (1.0):
    - Neon
  - JRModule79 (1.0):
    - Neon
  - JRModule8 (1.0):
    - Neon
  - JRModule80 (1.0):
    - Neon
  - JRModule81 (1.0):
    - Neon
  - JRModule82 (1.0):
    - Neon
  - JRModule83 (1.0):
    - Neon
  - JRModule84 (1.0):
    - Neon
  - JRModule85 (1.0):
    - Neon
  - JRModule86 (1.0):
    - Neon
  - JRModule87 (1.0):
    - Neon
  - JRModule88 (1.0):
    - Neon
  - JRModule89 (1.0):
    - Neon
  - JRModule9 (1.0):
    - Neon
  - JRModule90 (1.0):
    - Neon
  - JRModule91 (1.0):
    - Neon
  - JRModule92 (1.0):
    - Neon
  - JRModule93 (1.0):
    - Neon
  - JRModule94 (1.0):
    - Neon
  - JRModule95 (1.0):
    - Neon
  - JRModule96 (1.0):
    - Neon
  - JRModule97 (1.0):
    - Neon
  - JRModule98 (1.0):
    - Neon
  - JRModule99 (1.0):
    - Neon
  - Neon (0.4.0)

DEPENDENCIES:
  - JRModule1 (from `Modules`)
  - JRModule10 (from `Modules`)
  - JRModule100 (from `Modules`)
  - JRModule101 (from `Modules`)
  - JRModule102 (from `Modules`)
  - JRModule103 (from `Modules`)
  - JRModule104 (from `Modules`)
  - JRModule105 (from `Modules`)
  - JRModule106 (from `Modules`)
  - JRModule107 (from `Modules`)
  - JRModule108 (from `Modules`)
  - JRModule109 (from `Modules`)
  - JRModule11 (from `Modules`)
  - JRModule110 (from `Modules`)
  - JRModule111 (from `Modules`)
  - JRModule112 (from `Modules`)
  - JRModule113 (from `Modules`)
  - JRModule114 (from `Modules`)
  - JRModule115 (from `Modules`)
  - JRModule116 (from `Modules`)
  - JRModule117 (from `Modules`)
  - JRModule118 (from `Modules`)
  - JRModule119 (from `Modules`)
  - JRModule12 (from `Modules`)
  - JRModule120 (from `Modules`)
  - JRModule121 (from `Modules`)
  - JRModule122 (from `Modules`)
  - JRModule123 (from `Modules`)
  - JRModule124 (from `Modules`)
  - JRModule125 (from `Modules`)
  - JRModule126 (from `Modules`)
  - JRModule127 (from `Modules`)
  - JRModule128 (from `Modules`)
  - JRModule129 (from `Modules`)
  - JRModule13 (from `Modules`)
  - JRModule130 (from `Modules`)
  - JRModule131 (from `Modules`)
  - JRModule132 (from `Modules`)
  - JRModule133 (from `Modules`)
  - JRModule134 (from `Modules`)
  - JRModule135 (from `Modules`)
  - JRModule136 (from `Modules`)
  - JRModule137 (from `Modules`)
  - JRModule138 (from `Modules`)
  - JRModule139 (from `Modules`)
  - JRModule14 (from `Modules`)
  - JRModule140 (from `Modules`)
  - JRModule141 (from `Modules`)
  - JRModule142 (from `Modules`)
  - JRModule143 (from `Modules`)
  - JRModule144 (from `Modules`)
  - JRModule145 (from `Modules`)
  - JRModule146 (from `Modules`)
  - JRModule147 (from `Modules`)
  - JRModule148 (from `Modules`)
  - JRModule149 (from `Modules`)
  - JRModule15 (from `Modules`)
  - JRModule150 (from `Modules`)
  - JRModule151 (from `Modules`)
  - JRModule152 (from `Modules`)
  - JRModule153 (from `Modules`)
  - JRModule154 (from `Modules`)
  - JRModule155 (from `Modules`)
  - JRModule156 (from `Modules`)
  - JRModule157 (from `Modules`)
  - JRModule158 (from `Modules`)
  - JRModule159 (from `Modules`)
  - JRModule16 (from `Modules`)
  - JRModule160 (from `Modules`)
  - JRModule161 (from `Modules`)
  - JRModule162 (from `Modules`)
  - JRModule163 (from `Modules`)
  - JRModule164 (from `Modules`)
  - JRModule165 (from `Modules`)
  - JRModule166 (from `Modules`)
  - JRModule167 (from `Modules`)
  - JRModule168 (from `Modules`)
  - JRModule169 (from `Modules`)
  - JRModule17 (from `Modules`)
  - JRModule170 (from `Modules`)
  - JRModule171 (from `Modules`)
  - JRModule172 (from `Modules`)
  - JRModule173 (from `Modules`)
  - JRModule174 (from `Modules`)
  - JRModule175 (from `Modules`)
  - JRModule176 (from `Modules`)
  - JRModule177 (from `Modules`)
  - JRModule178 (from `Modules`)
  - JRModule179 (from `Modules`)
  - JRModule18 (from `Modules`)
  - JRModule180 (from `Modules`)
  - JRModule181 (from `Modules`)
  - JRModule182 (from `Modules`)
  - JRModule183 (from `Modules`)
  - JRModule184 (from `Modules`)
  - JRModule185 (from `Modules`)
  - JRModule186 (from `Modules`)
  - JRModule187 (from `Modules`)
  - JRModule188 (from `Modules`)
  - JRModule189 (from `Modules`)
  - JRModule19 (from `Modules`)
  - JRModule190 (from `Modules`)
  - JRModule191 (from `Modules`)
  - JRModule192 (from `Modules`)
  - JRModule193 (from `Modules`)
  - JRModule194 (from `Modules`)
  - JRModule195 (from `Modules`)
  - JRModule196 (from `Modules`)
  - JRModule197 (from `Modules`)
  - JRModule198 (from `Modules`)
  - JRModule199 (from `Modules`)
  - JRModule2 (from `Modules`)
  - JRModule20 (from `Modules`)
  - JRModule200 (from `Modules`)
  - JRModule201 (from `Modules`)
  - JRModule202 (from `Modules`)
  - JRModule203 (from `Modules`)
  - JRModule204 (from `Modules`)
  - JRModule205 (from `Modules`)
  - JRModule206 (from `Modules`)
  - JRModule207 (from `Modules`)
  - JRModule208 (from `Modules`)
  - JRModule209 (from `Modules`)
  - JRModule21 (from `Modules`)
  - JRModule210 (from `Modules`)
  - JRModule211 (from `Modules`)
  - JRModule212 (from `Modules`)
  - JRModule213 (from `Modules`)
  - JRModule214 (from `Modules`)
  - JRModule215 (from `Modules`)
  - JRModule216 (from `Modules`)
  - JRModule217 (from `Modules`)
  - JRModule218 (from `Modules`)
  - JRModule219 (from `Modules`)
  - JRModule22 (from `Modules`)
  - JRModule220 (from `Modules`)
  - JRModule221 (from `Modules`)
  - JRModule222 (from `Modules`)
  - JRModule223 (from `Modules`)
  - JRModule224 (from `Modules`)
  - JRModule225 (from `Modules`)
  - JRModule226 (from `Modules`)
  - JRModule227 (from `Modules`)
  - JRModule228 (from `Modules`)
  - JRModule229 (from `Modules`)
  - JRModule23 (from `Modules`)
  - JRModule230 (from `Modules`)
  - JRModule231 (from `Modules`)
  - JRModule232 (from `Modules`)
  - JRModule233 (from `Modules`)
  - JRModule234 (from `Modules`)
  - JRModule235 (from `Modules`)
  - JRModule236 (from `Modules`)
  - JRModule237 (from `Modules`)
  - JRModule238 (from `Modules`)
  - JRModule239 (from `Modules`)
  - JRModule24 (from `Modules`)
  - JRModule240 (from `Modules`)
  - JRModule241 (from `Modules`)
  - JRModule242 (from `Modules`)
  - JRModule243 (from `Modules`)
  - JRModule244 (from `Modules`)
  - JRModule245 (from `Modules`)
  - JRModule246 (from `Modules`)
  - JRModule247 (from `Modules`)
  - JRModule248 (from `Modules`)
  - JRModule249 (from `Modules`)
  - JRModule25 (from `Modules`)
  - JRModule250 (from `Modules`)
  - JRModule251 (from `Modules`)
  - JRModule252 (from `Modules`)
  - JRModule253 (from `Modules`)
  - JRModule254 (from `Modules`)
  - JRModule255 (from `Modules`)
  - JRModule256 (from `Modules`)
  - JRModule257 (from `Modules`)
  - JRModule258 (from `Modules`)
  - JRModule259 (from `Modules`)
  - JRModule26 (from `Modules`)
  - JRModule260 (from `Modules`)
  - JRModule261 (from `Modules`)
  - JRModule262 (from `Modules`)
  - JRModule263 (from `Modules`)
  - JRModule264 (from `Modules`)
  - JRModule265 (from `Modules`)
  - JRModule266 (from `Modules`)
  - JRModule267 (from `Modules`)
  - JRModule268 (from `Modules`)
  - JRModule269 (from `Modules`)
  - JRModule27 (from `Modules`)
  - JRModule270 (from `Modules`)
  - JRModule271 (from `Modules`)
  - JRModule272 (from `Modules`)
  - JRModule273 (from `Modules`)
  - JRModule274 (from `Modules`)
  - JRModule275 (from `Modules`)
  - JRModule276 (from `Modules`)
  - JRModule277 (from `Modules`)
  - JRModule278 (from `Modules`)
  - JRModule279 (from `Modules`)
  - JRModule28 (from `Modules`)
  - JRModule280 (from `Modules`)
  - JRModule281 (from `Modules`)
  - JRModule282 (from `Modules`)
  - JRModule283 (from `Modules`)
  - JRModule284 (from `Modules`)
  - JRModule285 (from `Modules`)
  - JRModule286 (from `Modules`)
  - JRModule287 (from `Modules`)
  - JRModule288 (from `Modules`)
  - JRModule289 (from `Modules`)
  - JRModule29 (from `Modules`)
  - JRModule290 (from `Modules`)
  - JRModule291 (from `Modules`)
  - JRModule292 (from `Modules`)
  - JRModule293 (from `Modules`)
  - JRModule294 (from `Modules`)
  - JRModule295 (from `Modules`)
  - JRModule296 (from `Modules`)
  - JRModule297 (from `Modules`)
  - JRModule298 (from `Modules`)
  - JRModule299 (from `Modules`)
  - JRModule3 (from `Modules`)
  - JRModule30 (from `Modules`)
  - JRModule31 (from `Modules`)
  - JRModule32 (from `Modules`)
  - JRModule33 (from `Modules`)
  - JRModule34 (from `Modules`)
  - JRModule35 (from `Modules`)
  - JRModule36 (from `Modules`)
  - JRModule37 (from `Modules`)
  - JRModule38 (from `Modules`)
  - JRModule39 (from `Modules`)
  - JRModule4 (from `Modules`)
  - JRModule40 (from `Modules`)
  - JRModule41 (from `Modules`)
  - JRModule42 (from `Modules`)
  - JRModule43 (from `Modules`)
  - JRModule44 (from `Modules`)
  - JRModule45 (from `Modules`)
  - JRModule46 (from `Modules`)
  - JRModule47 (from `Modules`)
  - JRModule48 (from `Modules`)
  - JRModule49 (from `Modules`)
  - JRModule5 (from `Modules`)
  - JRModule50 (from `Modules`)
  - JRModule51 (from `Modules`)
  - JRModule52 (from `Modules`)
  - JRModule53 (from `Modules`)
  - JRModule54 (from `Modules`)
  - JRModule55 (from `Modules`)
  - JRModule56 (from `Modules`)
  - JRModule57 (from `Modules`)
  - JRModule58 (from `Modules`)
  - JRModule59 (from `Modules`)
  - JRModule6 (from `Modules`)
  - JRModule60 (from `Modules`)
  - JRModule61 (from `Modules`)
  - JRModule62 (from `Modules`)
  - JRModule63 (from `Modules`)
  - JRModule64 (from `Modules`)
  - JRModule65 (from `Modules`)
  - JRModule66 (from `Modules`)
  - JRModule67 (from `Modules`)
  - JRModule68 (from `Modules`)
  - JRModule69 (from `Modules`)
  - JRModule7 (from `Modules`)
  - JRModule70 (from `Modules`)
  - JRModule71 (from `Modules`)
  - JRModule72 (from `Modules`)
  - JRModule73 (from `Modules`)
  - JRModule74 (from `Modules`)
  - JRModule75 (from `Modules`)
  - JRModule76 (from `Modules`)
  - JRModule77 (from `Modules`)
  - JRModule78 (from `Modules`)
  - JRModule79 (from `Modules`)
  - JRModule8 (from `Modules`)
  - JRModule80 (from `Modules`)
  - JRModule81 (from `Modules`)
  - JRModule82 (from `Modules`)
  - JRModule83 (from `Modules`)
  - JRModule84 (from `Modules`)
  - JRModule85 (from `Modules`)
  - JRModule86 (from `Modules`)
  - JRModule87 (from `Modules`)
  - JRModule88 (from `Modules`)
  - JRModule89 (from `Modules`)
  - JRModule9 (from `Modules`)
  - JRModule90 (from `Modules`)
  - JRModule91 (from `Modules`)
  - JRModule92 (from `Modules`)
  - JRModule93 (from `Modules`)
  - JRModule94 (from `Modules`)
  - JRModule95 (from `Modules`)
  - JRModule96 (from `Modules`)
  - JRModule97 (from `Modules`)
  - JRModule98 (from `Modules`)
  - JRModule99 (from `Modules`)
  - Neon (from `https://github.com/KosyanMedia/Neon.git`, commit `3770df30ee072a728becb8f1f6b7c29276a3dab4`)

EXTERNAL SOURCES:
  JRModule1:
    :path: Modules
  JRModule10:
    :path: Modules
  JRModule100:
    :path: Modules
  JRModule101:
    :path: Modules
  JRModule102:
    :path: Modules
  JRModule103:
    :path: Modules
  JRModule104:
    :path: Modules
  JRModule105:
    :path: Modules
  JRModule106:
    :path: Modules
  JRModule107:
    :path: Modules
  JRModule108:
    :path: Modules
  JRModule109:
    :path: Modules
  JRModule11:
    :path: Modules
  JRModule110:
    :path: Modules
  JRModule111:
    :path: Modules
  JRModule112:
    :path: Modules
  JRModule113:
    :path: Modules
  JRModule114:
    :path: Modules
  JRModule115:
    :path: Modules
  JRModule116:
    :path: Modules
  JRModule117:
    :path: Modules
  JRModule118:
    :path: Modules
  JRModule119:
    :path: Modules
  JRModule12:
    :path: Modules
  JRModule120:
    :path: Modules
  JRModule121:
    :path: Modules
  JRModule122:
    :path: Modules
  JRModule123:
    :path: Modules
  JRModule124:
    :path: Modules
  JRModule125:
    :path: Modules
  JRModule126:
    :path: Modules
  JRModule127:
    :path: Modules
  JRModule128:
    :path: Modules
  JRModule129:
    :path: Modules
  JRModule13:
    :path: Modules
  JRModule130:
    :path: Modules
  JRModule131:
    :path: Modules
  JRModule132:
    :path: Modules
  JRModule133:
    :path: Modules
  JRModule134:
    :path: Modules
  JRModule135:
    :path: Modules
  JRModule136:
    :path: Modules
  JRModule137:
    :path: Modules
  JRModule138:
    :path: Modules
  JRModule139:
    :path: Modules
  JRModule14:
    :path: Modules
  JRModule140:
    :path: Modules
  JRModule141:
    :path: Modules
  JRModule142:
    :path: Modules
  JRModule143:
    :path: Modules
  JRModule144:
    :path: Modules
  JRModule145:
    :path: Modules
  JRModule146:
    :path: Modules
  JRModule147:
    :path: Modules
  JRModule148:
    :path: Modules
  JRModule149:
    :path: Modules
  JRModule15:
    :path: Modules
  JRModule150:
    :path: Modules
  JRModule151:
    :path: Modules
  JRModule152:
    :path: Modules
  JRModule153:
    :path: Modules
  JRModule154:
    :path: Modules
  JRModule155:
    :path: Modules
  JRModule156:
    :path: Modules
  JRModule157:
    :path: Modules
  JRModule158:
    :path: Modules
  JRModule159:
    :path: Modules
  JRModule16:
    :path: Modules
  JRModule160:
    :path: Modules
  JRModule161:
    :path: Modules
  JRModule162:
    :path: Modules
  JRModule163:
    :path: Modules
  JRModule164:
    :path: Modules
  JRModule165:
    :path: Modules
  JRModule166:
    :path: Modules
  JRModule167:
    :path: Modules
  JRModule168:
    :path: Modules
  JRModule169:
    :path: Modules
  JRModule17:
    :path: Modules
  JRModule170:
    :path: Modules
  JRModule171:
    :path: Modules
  JRModule172:
    :path: Modules
  JRModule173:
    :path: Modules
  JRModule174:
    :path: Modules
  JRModule175:
    :path: Modules
  JRModule176:
    :path: Modules
  JRModule177:
    :path: Modules
  JRModule178:
    :path: Modules
  JRModule179:
    :path: Modules
  JRModule18:
    :path: Modules
  JRModule180:
    :path: Modules
  JRModule181:
    :path: Modules
  JRModule182:
    :path: Modules
  JRModule183:
    :path: Modules
  JRModule184:
    :path: Modules
  JRModule185:
    :path: Modules
  JRModule186:
    :path: Modules
  JRModule187:
    :path: Modules
  JRModule188:
    :path: Modules
  JRModule189:
    :path: Modules
  JRModule19:
    :path: Modules
  JRModule190:
    :path: Modules
  JRModule191:
    :path: Modules
  JRModule192:
    :path: Modules
  JRModule193:
    :path: Modules
  JRModule194:
    :path: Modules
  JRModule195:
    :path: Modules
  JRModule196:
    :path: Modules
  JRModule197:
    :path: Modules
  JRModule198:
    :path: Modules
  JRModule199:
    :path: Modules
  JRModule2:
    :path: Modules
  JRModule20:
    :path: Modules
  JRModule200:
    :path: Modules
  JRModule201:
    :path: Modules
  JRModule202:
    :path: Modules
  JRModule203:
    :path: Modules
  JRModule204:
    :path: Modules
  JRModule205:
    :path: Modules
  JRModule206:
    :path: Modules
  JRModule207:
    :path: Modules
  JRModule208:
    :path: Modules
  JRModule209:
    :path: Modules
  JRModule21:
    :path: Modules
  JRModule210:
    :path: Modules
  JRModule211:
    :path: Modules
  JRModule212:
    :path: Modules
  JRModule213:
    :path: Modules
  JRModule214:
    :path: Modules
  JRModule215:
    :path: Modules
  JRModule216:
    :path: Modules
  JRModule217:
    :path: Modules
  JRModule218:
    :path: Modules
  JRModule219:
    :path: Modules
  JRModule22:
    :path: Modules
  JRModule220:
    :path: Modules
  JRModule221:
    :path: Modules
  JRModule222:
    :path: Modules
  JRModule223:
    :path: Modules
  JRModule224:
    :path: Modules
  JRModule225:
    :path: Modules
  JRModule226:
    :path: Modules
  JRModule227:
    :path: Modules
  JRModule228:
    :path: Modules
  JRModule229:
    :path: Modules
  JRModule23:
    :path: Modules
  JRModule230:
    :path: Modules
  JRModule231:
    :path: Modules
  JRModule232:
    :path: Modules
  JRModule233:
    :path: Modules
  JRModule234:
    :path: Modules
  JRModule235:
    :path: Modules
  JRModule236:
    :path: Modules
  JRModule237:
    :path: Modules
  JRModule238:
    :path: Modules
  JRModule239:
    :path: Modules
  JRModule24:
    :path: Modules
  JRModule240:
    :path: Modules
  JRModule241:
    :path: Modules
  JRModule242:
    :path: Modules
  JRModule243:
    :path: Modules
  JRModule244:
    :path: Modules
  JRModule245:
    :path: Modules
  JRModule246:
    :path: Modules
  JRModule247:
    :path: Modules
  JRModule248:
    :path: Modules
  JRModule249:
    :path: Modules
  JRModule25:
    :path: Modules
  JRModule250:
    :path: Modules
  JRModule251:
    :path: Modules
  JRModule252:
    :path: Modules
  JRModule253:
    :path: Modules
  JRModule254:
    :path: Modules
  JRModule255:
    :path: Modules
  JRModule256:
    :path: Modules
  JRModule257:
    :path: Modules
  JRModule258:
    :path: Modules
  JRModule259:
    :path: Modules
  JRModule26:
    :path: Modules
  JRModule260:
    :path: Modules
  JRModule261:
    :path: Modules
  JRModule262:
    :path: Modules
  JRModule263:
    :path: Modules
  JRModule264:
    :path: Modules
  JRModule265:
    :path: Modules
  JRModule266:
    :path: Modules
  JRModule267:
    :path: Modules
  JRModule268:
    :path: Modules
  JRModule269:
    :path: Modules
  JRModule27:
    :path: Modules
  JRModule270:
    :path: Modules
  JRModule271:
    :path: Modules
  JRModule272:
    :path: Modules
  JRModule273:
    :path: Modules
  JRModule274:
    :path: Modules
  JRModule275:
    :path: Modules
  JRModule276:
    :path: Modules
  JRModule277:
    :path: Modules
  JRModule278:
    :path: Modules
  JRModule279:
    :path: Modules
  JRModule28:
    :path: Modules
  JRModule280:
    :path: Modules
  JRModule281:
    :path: Modules
  JRModule282:
    :path: Modules
  JRModule283:
    :path: Modules
  JRModule284:
    :path: Modules
  JRModule285:
    :path: Modules
  JRModule286:
    :path: Modules
  JRModule287:
    :path: Modules
  JRModule288:
    :path: Modules
  JRModule289:
    :path: Modules
  JRModule29:
    :path: Modules
  JRModule290:
    :path: Modules
  JRModule291:
    :path: Modules
  JRModule292:
    :path: Modules
  JRModule293:
    :path: Modules
  JRModule294:
    :path: Modules
  JRModule295:
    :path: Modules
  JRModule296:
    :path: Modules
  JRModule297:
    :path: Modules
  JRModule298:
    :path: Modules
  JRModule299:
    :path: Modules
  JRModule3:
    :path: Modules
  JRModule30:
    :path: Modules
  JRModule31:
    :path: Modules
  JRModule32:
    :path: Modules
  JRModule33:
    :path: Modules
  JRModule34:
    :path: Modules
  JRModule35:
    :path: Modules
  JRModule36:
    :path: Modules
  JRModule37:
    :path: Modules
  JRModule38:
    :path: Modules
  JRModule39:
    :path: Modules
  JRModule4:
    :path: Modules
  JRModule40:
    :path: Modules
  JRModule41:
    :path: Modules
  JRModule42:
    :path: Modules
  JRModule43:
    :path: Modules
  JRModule44:
    :path: Modules
  JRModule45:
    :path: Modules
  JRModule46:
    :path: Modules
  JRModule47:
    :path: Modules
  JRModule48:
    :path: Modules
  JRModule49:
    :path: Modules
  JRModule5:
    :path: Modules
  JRModule50:
    :path: Modules
  JRModule51:
    :path: Modules
  JRModule52:
    :path: Modules
  JRModule53:
    :path: Modules
  JRModule54:
    :path: Modules
  JRModule55:
    :path: Modules
  JRModule56:
    :path: Modules
  JRModule57:
    :path: Modules
  JRModule58:
    :path: Modules
  JRModule59:
    :path: Modules
  JRModule6:
    :path: Modules
  JRModule60:
    :path: Modules
  JRModule61:
    :path: Modules
  JRModule62:
    :path: Modules
  JRModule63:
    :path: Modules
  JRModule64:
    :path: Modules
  JRModule65:
    :path: Modules
  JRModule66:
    :path: Modules
  JRModule67:
    :path: Modules
  JRModule68:
    :path: Modules
  JRModule69:
    :path: Modules
  JRModule7:
    :path: Modules
  JRModule70:
    :path: Modules
  JRModule71:
    :path: Modules
  JRModule72:
    :path: Modules
  JRModule73:
    :path: Modules
  JRModule74:
    :path: Modules
  JRModule75:
    :path: Modules
  JRModule76:
    :path: Modules
  JRModule77:
    :path: Modules
  JRModule78:
    :path: Modules
  JRModule79:
    :path: Modules
  JRModule8:
    :path: Modules
  JRModule80:
    :path: Modules
  JRModule81:
    :path: Modules
  JRModule82:
    :path: Modules
  JRModule83:
    :path: Modules
  JRModule84:
    :path: Modules
  JRModule85:
    :path: Modules
  JRModule86:
    :path: Modules
  JRModule87:
    :path: Modules
  JRModule88:
    :path: Modules
  JRModule89:
    :path: Modules
  JRModule9:
    :path: Modules
  JRModule90:
    :path: Modules
  JRModule91:
    :path: Modules
  JRModule92:
    :path: Modules
  JRModule93:
    :path: Modules
  JRModule94:
    :path: Modules
  JRModule95:
    :path: Modules
  JRModule96:
    :path: Modules
  JRModule97:
    :path: Modules
  JRModule98:
    :path: Modules
  JRModule99:
    :path: Modules
  Neon:
    :commit: 3770df30ee072a728becb8f1f6b7c29276a3dab4
    :git: https://github.com/KosyanMedia/Neon.git

CHECKOUT OPTIONS:
  Neon:
    :commit: 3770df30ee072a728becb8f1f6b7c29276a3dab4
    :git: https://github.com/KosyanMedia/Neon.git

SPEC CHECKSUMS:
  JRModule1: c100a7465db9668f0251759cec59293e9ce92328
  JRModule10: 01204e8f8cd741f99d5f9e4f6104912192d48cf0
  JRModule100: 43b114a06186e180af65757bd95bad679c04f6cc
  JRModule101: 704febf788a028a4bf3630947190ae14e28fc574
  JRModule102: 09d83f4a869492d1c57ab1218a36bc3a96f4e688
  JRModule103: c510ffefc0042c95ada17d75646a12aa7cd1946a
  JRModule104: d4d22d65cfb1306b95638b556d31fbbce5547d48
  JRModule105: 495d33cfeb64e58e5d979920dd2ef339033c8049
  JRModule106: 33b192b7040b31069fc4fbccfc77f50bb6dd4de2
  JRModule107: 2c082b9e1ee49a6f701f9b65f9af56508fa0fbc8
  JRModule108: 3a3ea271b64a116c25ab01bf0a13ac8b4ab1f108
  JRModule109: 4eb1225ba94dc6043e2f2fe9f3f64728b6a0649a
  JRModule11: 3ec803e7e8c88ebd0fad16393700996661990dbe
  JRModule110: 94ea8f3397678851b3621c19a1140ad55f260afc
  JRModule111: ca554c84e3addcf929bb21b2aa600f649e4711e3
  JRModule112: 3cd56ad576a5257a5f8d2270269241175bb769cd
  JRModule113: 7b3a274c1c33ab7b4f95fa9b0ef54d5ae997435e
  JRModule114: 5b114d76a0a68eb642ebe99813d0da10c23e51f1
  JRModule115: 33f4cf51236a2e7cca224fef8608abc78eef9de2
  JRModule116: 17557cb4a25f1d24735b8fb82d66c0f77f162572
  JRModule117: 4630e7f7e236e1c8c0e83df54bac3e4500bd9a4e
  JRModule118: 04f03a0433aba4d023218a1bf7b6de3465d2e669
  JRModule119: 6de411cb95fa55e1cc93ec66067211b0d562b9be
  JRModule12: 6106eea80357489a363faff22aa2c2b4bf2522dd
  JRModule120: 20b2b6603f0bdc2497e3c40ab811c68a42ee67e7
  JRModule121: 4eae342f9b706d61ac9d5f093fe7085d772b320c
  JRModule122: 2c19e579e2c0538c196ea269ee76b4f97db96e31
  JRModule123: aa2bca679559314da95c9985412be58b09ef64f9
  JRModule124: 4a9404815dc75ce6bb8bcbab221b1b53966abab5
  JRModule125: f071088195d37a9b2688a5c7e4238ec668bce9c8
  JRModule126: aa163de3b758b9e0e3affa050da3929be36d53f4
  JRModule127: 04c4b06652fae67487aa81aeddf24545d9aa58c1
  JRModule128: 3b5799e0a1c7efb3ccab9f1dc90174d072ddc1a4
  JRModule129: fb89817c5c88f12b781b6b7d5932de5dc608e9b8
  JRModule13: 027e179232937056782a1e9d13baab5e8cd983ce
  JRModule130: 31aa61baf98a87f8f832abedfc46bf3142a13ec9
  JRModule131: 427315e7ce6c7141d46bbe3845d86315dffa6d28
  JRModule132: ad738092ef171edd3878abaa660d3b857ee6db91
  JRModule133: 57dc6afd608aee4cefed2f930c956843fabb1134
  JRModule134: afe2c9b05d09fa8e925d4ea34e0a05446c9aee79
  JRModule135: f260c4a54555b2884440dede5e8042616941d32f
  JRModule136: 48e0ce09f1164b466b55de37b4da8fd6360c4e02
  JRModule137: ef59068b38be9462b2ee26f2b7bda1a1de5edaf6
  JRModule138: 0044da2b79ce0bb1fbc1805d6095abf0cefa22a6
  JRModule139: d37f27a4ac03934e8ba3b2d38335589cb1d97809
  JRModule14: 12644217a352a98c83d34617505305d8e9ee60af
  JRModule140: 82250d2a34090b5071c99d7685fd05a2d0f31a05
  JRModule141: e1ae6a396bb03c61b0b6e3f27c2a84a9235d4eed
  JRModule142: fcf26eedd4551cce0129e235c9285218e4cc58fe
  JRModule143: b18ea282feeddfb414dcef0fa5b272489d48a547
  JRModule144: b8f3abc995f4a251287f75f37941c836d271881b
  JRModule145: 350b3ee456229abf5478491f50022c25572de18c
  JRModule146: 436e9a68a3d60bcb83a4fac648df3e1b6e44c62b
  JRModule147: 302e892e464562e6d7f8b7866fe3050550dfe9e1
  JRModule148: 84515d202102b3583e73c6882a5ee36b405068ba
  JRModule149: 7ef83f2a33237d5e48ff88c776b060064a0f05c3
  JRModule15: f9fc42fe727f37711c78d9f7fca63aff539bd4c6
  JRModule150: b8972b08cbdf9b5b1c2a1b7195b26d906290f0ac
  JRModule151: 87ae3e16c90bf6e1137f820d0cdad9d9f9504dbb
  JRModule152: da12d0a27bcea32f0a329f1def915368ff14627f
  JRModule153: b3af13da2c1046afb2f674fa09ddd7f679998433
  JRModule154: 1ce3ec694837be923f8c1db6f6ca4116bf5dc0fc
  JRModule155: 7bfa3a411a37a13850de3d0a646fe1fb9514cd63
  JRModule156: 060b96c80ea969e16858b3ef7252e3b7effb1f54
  JRModule157: 4e28d4d3fd16727d0037e13730c15aa851388740
  JRModule158: f2549d9833a0e0cdfdc314cd133d2b7c12a14a08
  JRModule159: a4556f61a49b7b2eb7c632f41965003b940849dd
  JRModule16: e68577edef78cd6f160e46dce4e88cdc6a2fd1b8
  JRModule160: 783f5c0fe6458d74b10968b7dfe5ad478bb66986
  JRModule161: 29f3d6c8dc99ea5b9403b9015db06074cf345f18
  JRModule162: e24fbc11293a89d2baab6a54b5171160e10e1c4c
  JRModule163: 9cd484c00cd30f399f95e2a6a2ffab07694cc36e
  JRModule164: d68f373ecf98c4eb0333d623d3712d39eb1caff4
  JRModule165: 1d2f31328d7b1c9c1eeb614cb4103d4ae7647ba2
  JRModule166: b9071e42d7710ab867ceab0c556daf6574d5913c
  JRModule167: 9894b6292e0ae8f3b01fd14e5ab8565f2c616caa
  JRModule168: b77f2851a7dc725140c76a94024f016443bb3a59
  JRModule169: 588236c606825f63285a432bfcf0cc42950e9645
  JRModule17: 038c0d888931f22ac49c90f1bf1cc592ed7d8979
  JRModule170: 331ee99f9f6e351fcaf96dae1d173ed5e8df2f4f
  JRModule171: 87df08252191999c99f9e139e9e6f1c5c867aaf8
  JRModule172: 74bd243b616abdf122303724e121c650daab04b8
  JRModule173: a965d05b10e1f823e3aace7622209b8265085847
  JRModule174: 4094330ea6c72dbdcfba4927a1887c34c56736d5
  JRModule175: 22e16b686d40f1d2f67b946841a564ab12484f99
  JRModule176: d08a74d6b42c49eea36ea6166c8fc3f879c8caa0
  JRModule177: 8651011039698682b13b1a8fa1fba90f3f13e996
  JRModule178: 98ca3f55aa67c638dd9d5e888c7c21c4a4b67a72
  JRModule179: 393d0ecec28bdfb482090f2f0d251be087111cbb
  JRModule18: fbdf4b2df92c8245d9d91622a2410456c1f27e44
  JRModule180: e907a0b0cc25d08d6882fea2717931c384cad594
  JRModule181: 98a7f4a7071035701746ca419e0aee29636f0d58
  JRModule182: 4bd53ed7e250431d90cc4a67ff603cda42d0c497
  JRModule183: 8123b074fbb293dedc987356593d124bf692edb6
  JRModule184: 1ac953a1afa713180fe3b56e45b31d646723595b
  JRModule185: 9a296eeeda7dd650885691cf851c83a6e25b582d
  JRModule186: d46df756c17b405b00ee5cc10c70764e1afe56cb
  JRModule187: 439a88d7795441f6ddbdbf4ef1b592e3e4cdaf90
  JRModule188: f911a4a47c98824ada596c7260ad6ba90464bd3b
  JRModule189: 9b8590f33750e2215a8d662dc88ccec20643ccdb
  JRModule19: 4ad0634267ae68c4b9877dd71e1e56cbd4feee40
  JRModule190: 72545939a34f1ee157e7473f71907b742dcddb86
  JRModule191: 7e2d05f925c9858317b3eab35d62277326283972
  JRModule192: ad0dd770c01fdba40a4edfb9dc81d9d627ac961b
  JRModule193: 3def387e26fe85d17b560e0c35cf91958130cdca
  JRModule194: e51fb64d9c34398c902ef77bf577d10d7022163a
  JRModule195: 7d5355ef1c61075b1d345287246b401a62f9ac61
  JRModule196: 87b71b7e3c2bc257ea7ad9201f9be1407c18a26c
  JRModule197: be793e5423d6d42f7962da9b693643765b706863
  JRModule198: 80fbcaff693bbcc501fd701066be52d419096d96
  JRModule199: 3d2035dd7b325fd9e04de01530825752fedfddd0
  JRModule2: 3770aa25ea51504f50a85a06e18b5d339f5ca895
  JRModule20: dba854dbcc727cc7d08d2c7f68276a34401a9e71
  JRModule200: 3510e331cb85b877d286e4ce628e05cfd3c74d83
  JRModule201: 027eb6a54b1d01510adc02ffe6bc15c889a48c31
  JRModule202: 10dbbb6e802e1e2616d4b1ce360c05623618ed34
  JRModule203: b61cbd3732e01962a4ca5cf23a849eb2bb86d1fa
  JRModule204: 1e30d43d871aca13213accd85a155de3611b909c
  JRModule205: e76cd22708ce71579f04c47fa1f6697ff35fa4a9
  JRModule206: cbd5b15b69fa67984a4e89272b59a902367932de
  JRModule207: f15042e4190a78ab4575571302593c99cad4aa2d
  JRModule208: 0a8762fbf6b19d23d9d4f20dae40cc2b9b6317c7
  JRModule209: 67109b8f60af4fd119e0fb9fd51705dbe206d00c
  JRModule21: e39a94f42ed2d778e7447863498f3ec01d0bfe9f
  JRModule210: a39c8be3bb63cc2d5a8a5733d1812a71a1ceebbe
  JRModule211: dca05fc267f31ffc16d8ca1436a5b2b347e08b07
  JRModule212: 5c67c6ad750064676749da34c0a42254053cc2be
  JRModule213: 8103f6f03d5324968156222c1dfd2af2ec835465
  JRModule214: 9405858b27c51ea12c41eb15341cb9598788a87b
  JRModule215: 416807bf0a58cbd78c4e68aa1c3bb82d542fcb68
  JRModule216: 17493028eeb8f8ac35b3f06c2df5ed9b5117b491
  JRModule217: 785c27014fd929ec516b5dc409d982abb60f1c76
  JRModule218: b184e31a7c502583ba61d88a095054740a85f0cd
  JRModule219: b5038f8c8fb4bf82b95276a8655fc7763739b767
  JRModule22: 6ddddca7cdd0bbe666329aad710bfbbfeda0f9a3
  JRModule220: 0f655a4775cbd0cffbd4795cd6f72cbb14469158
  JRModule221: 1cf64587010c26689f2a9e4fe8f5dfa45f89dde6
  JRModule222: c7660af82f734a6a812ba27a197438350f9641db
  JRModule223: 34bba607c16d8cd7ab1b45bc75980b13a5255b23
  JRModule224: 0a8e37ef6278f08985ba3a817a01039c6b294d9e
  JRModule225: ba15046b9119c36d3b2bf84975282bf2c6deff13
  JRModule226: b9ce079a34054442c674f41dc743dc8da0304b5d
  JRModule227: 435bb1337a332e58c30a05c9392f6ded69072134
  JRModule228: 66b1baf204a410537c52ddd55c5c19a45f647472
  JRModule229: afa6cea4bda61e7c85256e255f0f9ab45f34a01e
  JRModule23: def01c74c4888a6e91697937623feb7f469228db
  JRModule230: a62ca3a99697729f49ef8dc95dbd6aa1b92aa409
  JRModule231: 7db27d242a0a9d05edf3c956854e0a32f4c4672f
  JRModule232: 8e5842007c995f6b9ecac5754a0d6d0356cb2226
  JRModule233: 94235353543fc4d81c465ee3e9d0e14caf004bb8
  JRModule234: 38a0352ee716f7a75e737e9018a890d4b8fb1633
  JRModule235: 2714a9ecb37d109a80f5488879adc5e8278e1c9c
  JRModule236: 711e256dc21390fc597160466bf584a8900d7253
  JRModule237: fe4e9a5274f0d588c7c44f7cde77ba000b4caede
  JRModule238: b37c627140961f8caf8c241947375b20f7d4f729
  JRModule239: 73d60d15e5719033d76d091cb094a27c71439328
  JRModule24: 6c9d02cc5a6703efe1d103ed317bade1f9e78ca7
  JRModule240: 5e695c42faec8f2bc4ae480a8913a61b16b62d30
  JRModule241: beb3f4f05980844ac1b613ddb707dfd91d81aad4
  JRModule242: 367440163bd7f2d0bae114978854c9ed1550c71c
  JRModule243: 4af037a122c5bbb5dc76a2078fa67e12c9172c13
  JRModule244: fe6e3a9695e0929cf2fab1aa228795df82826dc4
  JRModule245: d8f71aec882003fe684c33f7a62ad58b04cd0cb9
  JRModule246: d0e4a85bfd4845649fc01354f4a117457fc271a2
  JRModule247: 2aa0c95ad3021cbe78c32cba6a251ec7df71a1b9
  JRModule248: 44da00ee1cd6824578ae54d150011a6d4fd9bec3
  JRModule249: 74cebab71ed2c996f6484b952f91cff4aae42e02
  JRModule25: ba14c152a47066d1e8e26aca5d157820ace10452
  JRModule250: 370e3c729dc8073fbf47f3cfadd77200c0fbfa85
  JRModule251: aab7cfabc01f59e94c3f8034f4b256cca4126b12
  JRModule252: 7dc833f3b60df5f996e3ef2e4a7550665c205941
  JRModule253: 3f16160fd0f449e27d62de36aca114e0ba8dc358
  JRModule254: 1491c5c9f419bb138f20b422e8333c28f6d8e6c1
  JRModule255: b475881b0c587597ab0bbd11a350fb479d2a2226
  JRModule256: 2e70145ca859ebf22987cadfb04173c9d61d723c
  JRModule257: d125fc9789f4e7dcdd0c3c63c0794db30a1878fa
  JRModule258: 2a5b7efb4d890696af7fdd7d0712043a885399da
  JRModule259: ee80030f18a6beb5a4e160907562a7074b8680dc
  JRModule26: 0fd893de7a969f9ada39e872e6366153b82195bb
  JRModule260: d49a5fecee99cce4901ec68d2c45c959eb16be54
  JRModule261: dd67a2630919345072e80b753f25b73f5c769d4f
  JRModule262: c3f192e688526e83ec55d2fa138e972c4d67ce84
  JRModule263: 9620864af973cab01662dabfbf592c0ce51d2da9
  JRModule264: f2e70a3eacbb681e52fbda4854d2d13881f1e7fc
  JRModule265: 6a8acab28752e5407d38f9bf0143e97109d5d910
  JRModule266: 582573b051e8a71673613aabedf43e9768e784d7
  JRModule267: 90e3c4c55f6097e2d39f10cb60a84483f23a8cd7
  JRModule268: 297fd01a50f4ac96b36ae4f54d4c09407ebcfd42
  JRModule269: 3ba909b39ea433ed197f772d78562c059051a392
  JRModule27: 766fc43ab8d42cb879d07c670f7c52c6028e730d
  JRModule270: 7a6aae542f19e21593fc6c4c98763d91908c4dd9
  JRModule271: 3c39e9168b2de3faa837cfa23e23b5b68d2929b1
  JRModule272: 2240b7624fc0e9168e8ca74158b6f946abcee88e
  JRModule273: 1624d4f7dde0bb1d851173cd1830da2b05016e1f
  JRModule274: 7fc096578ab74584f6b64a0500d57b5bc0beaf10
  JRModule275: 8af333c1f1fc673828d0535f2556f68f57169558
  JRModule276: 9dc2cc6e91ffe038136fca67ba40c25fe70795a3
  JRModule277: 9e627f781cd503bbfe7d7e9a79b97cb724355d14
  JRModule278: f6054f73c79874a61fcf62408b65fc3c7351753b
  JRModule279: a87f51d14a594b222fa5398d6ff6044e0a7d6cfd
  JRModule28: d34c6bfaf14169a7795b985638752fd681e55878
  JRModule280: ab666d4110266369d7010873fc81b0fb743c708d
  JRModule281: 38995392af8c3861e741aa9699d83db8e19a9d9c
  JRModule282: 7e7cd6e5e2d9132b3a97264fd5e6227d4ea6dc62
  JRModule283: 8ed4e2163a3817f91e9abe3e64bf71184d323c9b
  JRModule284: cb7455c36dd75e016b5b0c8cdc4f0fea4d7ff58f
  JRModule285: 3d7ec83354a692b68a79b771f4eafa5dc362fbf1
  JRModule286: 7abd3642794850bec64814b6fa5809b336807c53
  JRModule287: 0ea549929f529a8e67a412499e647d40e0444eed
  JRModule288: 1f1e37ae16b9a39cc033fc52e6c33ab9b2599d86
  JRModule289: a15c5716a116d0a7f578261f53497dd0315758fd
  JRModule29: 194ad8bdec546fe0650930bf28012aea46318725
  JRModule290: a2cf85ae76fa80a6500afc329d71a9d33ef9ea1e
  JRModule291: 32b534fb316ff73d0fa72a0ae2ea5ef545899468
  JRModule292: d8958c73c9475e985027b679bb11c00823772e9e
  JRModule293: 8aeb8db3602daba567e1b0504cf6ea4f3db369d3
  JRModule294: b3992facb1eba0d9be48bc8109c04d6f1c365cf6
  JRModule295: 394b856088a8141b4cfc00c6a1c4c417916ab2c9
  JRModule296: b00fd3a850a63fcf020988fc4c0f86ee2eb9ec28
  JRModule297: c2e56310b9a674e2b4d77303404f2b4f738d73e0
  JRModule298: 6af7da17c0a1a2ffb49e9eba4151a455c8cd34fa
  JRModule299: edf52fbaf405919cfc130ed7e146ec4f1e00ee20
  JRModule3: fdde36d98ec838fe2118d086577bc117a22c2434
  JRModule30: bc8bf45af62727b9cb93ebf0395a845dbe8a9e4c
  JRModule31: 4e67866c41049f5d946b7aabbb96a7831c462476
  JRModule32: b1351dfcdd0fe68b5a5e12a1ade7a450f35aa97b
  JRModule33: 751b37ee8c9324ab216a01b104298a752340355b
  JRModule34: b9fe2f6eb717a4ab514feb3f28cff8bbf5626a3b
  JRModule35: 569b59155f3469758bea14497ce42062d6ec5d55
  JRModule36: 4b1d06bbc970171ba1faaaaa52667e8b66d950e7
  JRModule37: bc98824311641487f8a8325c033cf8d936cfcfb2
  JRModule38: 49a0a3d9881812339e7166c2f4f98ca15da04c0b
  JRModule39: 9b24cb0bd518538e977c245448bdc192574f758b
  JRModule4: ebf2f185797d5d8886f5d8cc8813a009915f04d2
  JRModule40: 67ce0bed907ca82f1e4df6bb6b579331a7885df0
  JRModule41: 0f8dbe282ba4d9a59efc279b7c552fd3125adc0b
  JRModule42: 3f973eca7be91a6990015e6f8b87838990506567
  JRModule43: 305242ab980fdbbd51b9120ed93fd0ed58416b0d
  JRModule44: 14b948c3f069d356ad7f8013e7cd9fe20fb387e4
  JRModule45: ecd64d956eb194b41f1b9c7bbb3c663914587567
  JRModule46: a09ddf95eaf4d3943991b31ab976706be4af682b
  JRModule47: 25c019f481206bf54800121e6d0e4e2eaaa36d1d
  JRModule48: ebff73dc7675c22e4c9effb2d2b6482df99e17b7
  JRModule49: 8132442b0cd6bb958f2f4562d6931f8b74944faf
  JRModule5: dcd9cdc4db6b561fb3ed438ee2c5db8b31b584cc
  JRModule50: eff35545c530dc8dd2502bbba4ec124b8474018c
  JRModule51: 9a9627eb071800c39d217236a979064022e5a8de
  JRModule52: 9933dab56678e2cea2d0f0ade87963a8059b4815
  JRModule53: a24db2ad2f560f906c1669c00f7ef65686cf3381
  JRModule54: 82c78bba42d155ab816d6c001426c7456307a7bf
  JRModule55: 796a4e3516f69e6392ea1cc4788d4239ed9ff53a
  JRModule56: 922b7abe3f45f69efa16c66c63f9123732a0cda4
  JRModule57: 67513d2bbb9e047387040767e813cf936eb88cb5
  JRModule58: 22f21c8ad276507d5b821a7874630de8028117ea
  JRModule59: fe871f59c43d894073a32b84ff09c0cde60075ab
  JRModule6: e016bdb453c16fe3207aa0619ec12735f9137039
  JRModule60: 98b96ea4b4efe5cc9edfa160cbae91b8e6633637
  JRModule61: 815f3dbeef08948b67222a72665e0bf07a8bcdc4
  JRModule62: 3f3224d0ea21e1f0d2e9d184959d6cc3be6c675c
  JRModule63: ea7012f946b8d37b493b0380493b9eea504572ba
  JRModule64: 3a973d556b9cafe8f95d762f223c75d427bab2f0
  JRModule65: c102f3bfa81c11a338385583373e7397662945a7
  JRModule66: c627625f720f7e8bbee1dad1f12cef2b9bdfb8ea
  JRModule67: 5dd53d7c5e19a996badccfceb1edee7fdf95189a
  JRModule68: fe735f41e9a310be31c6357e7060de51e901b475
  JRModule69: b3a06e356d2104e3164b91241bd97dbd0519fb5a
  JRModule7: b3c508dab2f713ce149a10c391cc2042ea84e1a5
  JRModule70: 09876798f221eaefa2fa0cde8b97c17ec9629faa
  JRModule71: c80239b7bcce11b48acb57226c461827aa3443d0
  JRModule72: 0cf3a84c700723cc40bb544e9f00646c19de54ac
  JRModule73: b0eeb20e376e30e30664b690494d4c1b4681103b
  JRModule74: 96453efb4f2085f4f01b6ca16801d1168f03ebf1
  JRModule75: 153feaeb6f8fb4e66eb58453946a567efd6d36a1
  JRModule76: f6f734d4352a7f00995d71e5e4b9ce84cfc7b120
  JRModule77: 544e6fff1dadba1e2f6fe58b0fd8ce3067f5434c
  JRModule78: 9d0e3263908ceed4868001a0f281656ed96ddcd0
  JRModule79: c7002f8dbc0e4278ba3de0f1cff5e448afce76fd
  JRModule8: 6e2c0e47e249dc36298270f44a166f19265913f8
  JRModule80: e89d66cc923b9ddd03e8cfcc0c7aa01215be1aac
  JRModule81: 7eb96526d89161a5c0ed146eabb86141ab06e63c
  JRModule82: 725b3ac57a147e5781148ee7c7c7e7a1cba57f50
  JRModule83: b2ddf66a6e0474898cebd24ac2e7c80618947910
  JRModule84: b31cc0cbcd92c74fe3874d6ef4864709b0085e92
  JRModule85: 6a811b397842bd55f42b7f278dfa9fbffc1b032a
  JRModule86: f4a5944a1a822e987d1fa3aa1f1bfb24dd7d682d
  JRModule87: eae8da978e315714dbf48a07b72a711559a4e241
  JRModule88: cd811b221ffef6c446d679e6ce72a70ff08b5b35
  JRModule89: 487e541d48725623b50ed15e250f31626fbc2b14
  JRModule9: 41a9d3af3f79e1779e93335af8e209f1cf9eeb58
  JRModule90: b15d491eab7fb051e9171f29e8ca911b5a45a900
  JRModule91: 6b04f58cc05d50135c16c84826e68c4b4581f47a
  JRModule92: fbdf4772e34094b06d9e986cc545bd24178123ba
  JRModule93: b3c4f8c656b372a176a1ce7be3b03c5f0e618609
  JRModule94: 8a85647baa5f9f89075308d141804d45d63a6089
  JRModule95: 5d7245b029bde83f02f9b697d2650ca210e4a85b
  JRModule96: 4d412324f46b2bfd1cd7c70efc54f9cbe22d8d0f
  JRModule97: e57c3c106b1a825afb4f454d7cfa1afda3425c87
  JRModule98: 3586465a7a419dcb9c8c99084ffefb681f637df1
  JRModule99: 7ab93347cfce269755eca8a479ede44ead1b9e25
  Neon: 7fb5a9327e7e57911843f608e08f4893a74deaf9

PODFILE CHECKSUM: dd62f7375eca884148f2d321ad9aa4911df6a0e6

COCOAPODS: 1.10.1
